// !$*UTF8*$!
{
	archiveVersion = 1;
	classes = {
	};
	objectVersion = 46;
	objects = {

/* Begin PBXBuildFile section */
		00E356F31AD99517003FC87E /* TestProjectTests.m in Sources */ = {isa = PBXBuildFile; fileRef = 00E356F21AD99517003FC87E /* TestProjectTests.m */; };
		0E0A37D2B2A80150E78CC64A /* libPods-TestProject-tvOS.a in Frameworks */ = {isa = PBXBuildFile; fileRef = D20D156F24ECCD479BB68EBD /* libPods-TestProject-tvOS.a */; };
		13B07FBC1A68108700A75B9A /* AppDelegate.m in Sources */ = {isa = PBXBuildFile; fileRef = 13B07FB01A68108700A75B9A /* AppDelegate.m */; };
		13B07FBD1A68108700A75B9A /* LaunchScreen.xib in Resources */ = {isa = PBXBuildFile; fileRef = 13B07FB11A68108700A75B9A /* LaunchScreen.xib */; };
		13B07FBF1A68108700A75B9A /* Images.xcassets in Resources */ = {isa = PBXBuildFile; fileRef = 13B07FB51A68108700A75B9A /* Images.xcassets */; };
		13B07FC11A68108700A75B9A /* main.m in Sources */ = {isa = PBXBuildFile; fileRef = 13B07FB71A68108700A75B9A /* main.m */; };
		1A613E799C1FCA0BA6594E08 /* libPods-TestProject.a in Frameworks */ = {isa = PBXBuildFile; fileRef = D31E2877BAAD8792B75F2875 /* libPods-TestProject.a */; };
		2D02E4BC1E0B4A80006451C7 /* AppDelegate.m in Sources */ = {isa = PBXBuildFile; fileRef = 13B07FB01A68108700A75B9A /* AppDelegate.m */; };
		2D02E4BD1E0B4A84006451C7 /* Images.xcassets in Resources */ = {isa = PBXBuildFile; fileRef = 13B07FB51A68108700A75B9A /* Images.xcassets */; };
		2D02E4BF1E0B4AB3006451C7 /* main.m in Sources */ = {isa = PBXBuildFile; fileRef = 13B07FB71A68108700A75B9A /* main.m */; };
		2DCD954D1E0B4F2C00145EB5 /* TestProjectTests.m in Sources */ = {isa = PBXBuildFile; fileRef = 00E356F21AD99517003FC87E /* TestProjectTests.m */; };
		30E736BA2BB73370D49FDBD1 /* libPods-TestProject-tvOSTests.a in Frameworks */ = {isa = PBXBuildFile; fileRef = 6688A17CE5B6C0793E45F99D /* libPods-TestProject-tvOSTests.a */; };
		48ECD66B23A0ED0E003FE718 /* AIRMapCalloutManager.m in Sources */ = {isa = PBXBuildFile; fileRef = 48ECD5FA23A0ED0E003FE718 /* AIRMapCalloutManager.m */; };
		48ECD66C23A0ED0E003FE718 /* AIRMapLocalTile.m in Sources */ = {isa = PBXBuildFile; fileRef = 48ECD60223A0ED0E003FE718 /* AIRMapLocalTile.m */; };
		48ECD66D23A0ED0E003FE718 /* AIRMapMarkerManager.m in Sources */ = {isa = PBXBuildFile; fileRef = 48ECD60523A0ED0E003FE718 /* AIRMapMarkerManager.m */; };
		48ECD66E23A0ED0E003FE718 /* AIRMapUrlTile.m in Sources */ = {isa = PBXBuildFile; fileRef = 48ECD60723A0ED0E003FE718 /* AIRMapUrlTile.m */; };
		48ECD66F23A0ED0E003FE718 /* AIRMapPolylineRenderer.m in Sources */ = {isa = PBXBuildFile; fileRef = 48ECD60823A0ED0E003FE718 /* AIRMapPolylineRenderer.m */; };
		48ECD67023A0ED0E003FE718 /* AIRMapOverlayManager.m in Sources */ = {isa = PBXBuildFile; fileRef = 48ECD60923A0ED0E003FE718 /* AIRMapOverlayManager.m */; };
		48ECD67123A0ED0E003FE718 /* AIRMapCoordinate.m in Sources */ = {isa = PBXBuildFile; fileRef = 48ECD60C23A0ED0E003FE718 /* AIRMapCoordinate.m */; };
		48ECD67223A0ED0E003FE718 /* AIRMapCalloutSubview.m in Sources */ = {isa = PBXBuildFile; fileRef = 48ECD60E23A0ED0E003FE718 /* AIRMapCalloutSubview.m */; };
		48ECD67323A0ED0E003FE718 /* AIRMapPolylineManager.m in Sources */ = {isa = PBXBuildFile; fileRef = 48ECD61223A0ED0E003FE718 /* AIRMapPolylineManager.m */; };
		48ECD67423A0ED0E003FE718 /* SMCalloutView.m in Sources */ = {isa = PBXBuildFile; fileRef = 48ECD61523A0ED0E003FE718 /* SMCalloutView.m */; };
		48ECD67523A0ED0E003FE718 /* AIRMapLocalTileOverlay.m in Sources */ = {isa = PBXBuildFile; fileRef = 48ECD61723A0ED0E003FE718 /* AIRMapLocalTileOverlay.m */; };
		48ECD67623A0ED0E003FE718 /* AIRWeakTimerReference.m in Sources */ = {isa = PBXBuildFile; fileRef = 48ECD61823A0ED0E003FE718 /* AIRWeakTimerReference.m */; };
		48ECD67723A0ED0E003FE718 /* AIRMapCallout.m in Sources */ = {isa = PBXBuildFile; fileRef = 48ECD61923A0ED0E003FE718 /* AIRMapCallout.m */; };
		48ECD67823A0ED0E003FE718 /* AIRMapLocalTileManager.m in Sources */ = {isa = PBXBuildFile; fileRef = 48ECD61A23A0ED0E003FE718 /* AIRMapLocalTileManager.m */; };
		48ECD67923A0ED0E003FE718 /* AIRMapPolyline.m in Sources */ = {isa = PBXBuildFile; fileRef = 48ECD61B23A0ED0E003FE718 /* AIRMapPolyline.m */; };
		48ECD67A23A0ED0E003FE718 /* AIRWeakMapReference.m in Sources */ = {isa = PBXBuildFile; fileRef = 48ECD61D23A0ED0E003FE718 /* AIRWeakMapReference.m */; };
		48ECD67B23A0ED0E003FE718 /* AIRMapCircleManager.m in Sources */ = {isa = PBXBuildFile; fileRef = 48ECD61E23A0ED0E003FE718 /* AIRMapCircleManager.m */; };
		48ECD67C23A0ED0E003FE718 /* AIRMapMarker.m in Sources */ = {isa = PBXBuildFile; fileRef = 48ECD61F23A0ED0E003FE718 /* AIRMapMarker.m */; };
		48ECD67D23A0ED0E003FE718 /* AIRMapPolygonManager.m in Sources */ = {isa = PBXBuildFile; fileRef = 48ECD62023A0ED0E003FE718 /* AIRMapPolygonManager.m */; };
		48ECD67E23A0ED0E003FE718 /* AIRMapPolygon.m in Sources */ = {isa = PBXBuildFile; fileRef = 48ECD62123A0ED0E003FE718 /* AIRMapPolygon.m */; };
		48ECD67F23A0ED0E003FE718 /* AIRMap.m in Sources */ = {isa = PBXBuildFile; fileRef = 48ECD62223A0ED0E003FE718 /* AIRMap.m */; };
		48ECD68023A0ED0E003FE718 /* AIRMapCircle.m in Sources */ = {isa = PBXBuildFile; fileRef = 48ECD62423A0ED0E003FE718 /* AIRMapCircle.m */; };
		48ECD68123A0ED0E003FE718 /* AIRMapWMSTile.m in Sources */ = {isa = PBXBuildFile; fileRef = 48ECD62623A0ED0E003FE718 /* AIRMapWMSTile.m */; };
		48ECD68223A0ED0E003FE718 /* AIRMapCalloutSubviewManager.m in Sources */ = {isa = PBXBuildFile; fileRef = 48ECD62923A0ED0E003FE718 /* AIRMapCalloutSubviewManager.m */; };
		48ECD68323A0ED0E003FE718 /* AIRMapUrlTileManager.m in Sources */ = {isa = PBXBuildFile; fileRef = 48ECD62A23A0ED0E003FE718 /* AIRMapUrlTileManager.m */; };
		48ECD68423A0ED0E003FE718 /* AIRMapWMSTileManager.m in Sources */ = {isa = PBXBuildFile; fileRef = 48ECD62C23A0ED0E003FE718 /* AIRMapWMSTileManager.m */; };
		48ECD68523A0ED0E003FE718 /* AIRMapManager.m in Sources */ = {isa = PBXBuildFile; fileRef = 48ECD62F23A0ED0E003FE718 /* AIRMapManager.m */; };
		48ECD68623A0ED0E003FE718 /* AIRMapOverlay.m in Sources */ = {isa = PBXBuildFile; fileRef = 48ECD63023A0ED0E003FE718 /* AIRMapOverlay.m */; };
		48ECD68723A0ED0E003FE718 /* AIRMapOverlayRenderer.m in Sources */ = {isa = PBXBuildFile; fileRef = 48ECD63123A0ED0E003FE718 /* AIRMapOverlayRenderer.m */; };
		48ECD68823A0ED0E003FE718 /* RCTConvert+AirMap.m in Sources */ = {isa = PBXBuildFile; fileRef = 48ECD63323A0ED0E003FE718 /* RCTConvert+AirMap.m */; };
		48ECD68923A0ED0E003FE718 /* AIRDummyView.m in Sources */ = {isa = PBXBuildFile; fileRef = 48ECD63523A0ED0E003FE718 /* AIRDummyView.m */; };
		48ECD68A23A0ED0E003FE718 /* AIRGoogleMapUrlTile.m in Sources */ = {isa = PBXBuildFile; fileRef = 48ECD63923A0ED0E003FE718 /* AIRGoogleMapUrlTile.m */; };
		48ECD68B23A0ED0E003FE718 /* AIRGoogleMapPolygonManager.m in Sources */ = {isa = PBXBuildFile; fileRef = 48ECD63C23A0ED0E003FE718 /* AIRGoogleMapPolygonManager.m */; };
		48ECD68C23A0ED0E003FE718 /* AIRGoogleMapMarker.m in Sources */ = {isa = PBXBuildFile; fileRef = 48ECD63F23A0ED0E003FE718 /* AIRGoogleMapMarker.m */; };
		48ECD68D23A0ED0E003FE718 /* AIRGMSPolygon.m in Sources */ = {isa = PBXBuildFile; fileRef = 48ECD64323A0ED0E003FE718 /* AIRGMSPolygon.m */; };
		48ECD68E23A0ED0E003FE718 /* AIRGoogleMapURLTileManager.m in Sources */ = {isa = PBXBuildFile; fileRef = 48ECD64423A0ED0E003FE718 /* AIRGoogleMapURLTileManager.m */; };
		48ECD68F23A0ED0E003FE718 /* AIRGoogleMapWMSTileManager.m in Sources */ = {isa = PBXBuildFile; fileRef = 48ECD64523A0ED0E003FE718 /* AIRGoogleMapWMSTileManager.m */; };
		48ECD69023A0ED0E003FE718 /* AIRGoogleMapCircle.m in Sources */ = {isa = PBXBuildFile; fileRef = 48ECD64623A0ED0E003FE718 /* AIRGoogleMapCircle.m */; };
		48ECD69123A0ED0E003FE718 /* AIRGoogleMapCircleManager.m in Sources */ = {isa = PBXBuildFile; fileRef = 48ECD64E23A0ED0E003FE718 /* AIRGoogleMapCircleManager.m */; };
		48ECD69223A0ED0E003FE718 /* AIRGoogleMapCalloutManager.m in Sources */ = {isa = PBXBuildFile; fileRef = 48ECD65023A0ED0E003FE718 /* AIRGoogleMapCalloutManager.m */; };
		48ECD69323A0ED0E003FE718 /* AIRGoogleMapMarkerManager.m in Sources */ = {isa = PBXBuildFile; fileRef = 48ECD65123A0ED0E003FE718 /* AIRGoogleMapMarkerManager.m */; };
		48ECD69423A0ED0E003FE718 /* AIRGoogleMapPolyline.m in Sources */ = {isa = PBXBuildFile; fileRef = 48ECD65323A0ED0E003FE718 /* AIRGoogleMapPolyline.m */; };
		48ECD69523A0ED0E003FE718 /* AIRGoogleMapHeatmapManager.m in Sources */ = {isa = PBXBuildFile; fileRef = 48ECD65423A0ED0E003FE718 /* AIRGoogleMapHeatmapManager.m */; };
		48ECD69623A0ED0E003FE718 /* AIRGoogleMapWMSTile.m in Sources */ = {isa = PBXBuildFile; fileRef = 48ECD65523A0ED0E003FE718 /* AIRGoogleMapWMSTile.m */; };
		48ECD69723A0ED0E003FE718 /* AIRGoogleMapOverlay.m in Sources */ = {isa = PBXBuildFile; fileRef = 48ECD65823A0ED0E003FE718 /* AIRGoogleMapOverlay.m */; };
		48ECD69823A0ED0E003FE718 /* AIRGMSPolyline.m in Sources */ = {isa = PBXBuildFile; fileRef = 48ECD65923A0ED0E003FE718 /* AIRGMSPolyline.m */; };
		48ECD69923A0ED0E003FE718 /* AIRGoogleMapPolylineManager.m in Sources */ = {isa = PBXBuildFile; fileRef = 48ECD65A23A0ED0E003FE718 /* AIRGoogleMapPolylineManager.m */; };
		48ECD69A23A0ED0E003FE718 /* AIRGoogleMapManager.m in Sources */ = {isa = PBXBuildFile; fileRef = 48ECD65B23A0ED0E003FE718 /* AIRGoogleMapManager.m */; };
		48ECD69B23A0ED0E003FE718 /* RCTConvert+GMSMapViewType.m in Sources */ = {isa = PBXBuildFile; fileRef = 48ECD65E23A0ED0E003FE718 /* RCTConvert+GMSMapViewType.m */; };
		48ECD69C23A0ED0E003FE718 /* AIRGoogleMapCalloutSubviewManager.m in Sources */ = {isa = PBXBuildFile; fileRef = 48ECD65F23A0ED0E003FE718 /* AIRGoogleMapCalloutSubviewManager.m */; };
		48ECD69D23A0ED0E003FE718 /* AIRGoogleMapCallout.m in Sources */ = {isa = PBXBuildFile; fileRef = 48ECD66023A0ED0E003FE718 /* AIRGoogleMapCallout.m */; };
		48ECD69E23A0ED0E003FE718 /* AIRGoogleMapOverlayManager.m in Sources */ = {isa = PBXBuildFile; fileRef = 48ECD66123A0ED0E003FE718 /* AIRGoogleMapOverlayManager.m */; };
		48ECD69F23A0ED0E003FE718 /* AIRGoogleMapHeatmap.m in Sources */ = {isa = PBXBuildFile; fileRef = 48ECD66223A0ED0E003FE718 /* AIRGoogleMapHeatmap.m */; };
		48ECD6A023A0ED0E003FE718 /* AIRGoogleMap.m in Sources */ = {isa = PBXBuildFile; fileRef = 48ECD66323A0ED0E003FE718 /* AIRGoogleMap.m */; };
		48ECD6A123A0ED0E003FE718 /* AIRGoogleMapPolygon.m in Sources */ = {isa = PBXBuildFile; fileRef = 48ECD66823A0ED0E003FE718 /* AIRGoogleMapPolygon.m */; };
		48ECD6A223A0ED0E003FE718 /* AIRGMSMarker.m in Sources */ = {isa = PBXBuildFile; fileRef = 48ECD66923A0ED0E003FE718 /* AIRGMSMarker.m */; };
		48ECD6A323A0ED0E003FE718 /* AIRGoogleMapCalloutSubview.m in Sources */ = {isa = PBXBuildFile; fileRef = 48ECD66A23A0ED0E003FE718 /* AIRGoogleMapCalloutSubview.m */; };
		E91F341EAC234F0E85C8126F /* libPods-TestProjectTests.a in Frameworks */ = {isa = PBXBuildFile; fileRef = D03CD678BEB5E1A922A59D9E /* libPods-TestProjectTests.a */; };
/* End PBXBuildFile section */

/* Begin PBXContainerItemProxy section */
		00E356F41AD99517003FC87E /* PBXContainerItemProxy */ = {
			isa = PBXContainerItemProxy;
			containerPortal = 83CBB9F71A601CBA00E9B192 /* Project object */;
			proxyType = 1;
			remoteGlobalIDString = 13B07F861A680F5B00A75B9A;
			remoteInfo = TestProject;
		};
		2D02E4911E0B4A5D006451C7 /* PBXContainerItemProxy */ = {
			isa = PBXContainerItemProxy;
			containerPortal = 83CBB9F71A601CBA00E9B192 /* Project object */;
			proxyType = 1;
			remoteGlobalIDString = 2D02E47A1E0B4A5D006451C7;
			remoteInfo = "TestProject-tvOS";
		};
/* End PBXContainerItemProxy section */

/* Begin PBXFileReference section */
		008F07F21AC5B25A0029DE68 /* main.jsbundle */ = {isa = PBXFileReference; fileEncoding = 4; lastKnownFileType = text; path = main.jsbundle; sourceTree = "<group>"; };
		00E356EE1AD99517003FC87E /* TestProjectTests.xctest */ = {isa = PBXFileReference; explicitFileType = wrapper.cfbundle; includeInIndex = 0; path = TestProjectTests.xctest; sourceTree = BUILT_PRODUCTS_DIR; };
		00E356F11AD99517003FC87E /* Info.plist */ = {isa = PBXFileReference; lastKnownFileType = text.plist.xml; path = Info.plist; sourceTree = "<group>"; };
		00E356F21AD99517003FC87E /* TestProjectTests.m */ = {isa = PBXFileReference; lastKnownFileType = sourcecode.c.objc; path = TestProjectTests.m; sourceTree = "<group>"; };
		040C2F8D521042EA17A37CAA /* Pods-TestProject.debug.xcconfig */ = {isa = PBXFileReference; includeInIndex = 1; lastKnownFileType = text.xcconfig; name = "Pods-TestProject.debug.xcconfig"; path = "Target Support Files/Pods-TestProject/Pods-TestProject.debug.xcconfig"; sourceTree = "<group>"; };
		13B07F961A680F5B00A75B9A /* TestProject.app */ = {isa = PBXFileReference; explicitFileType = wrapper.application; includeInIndex = 0; path = TestProject.app; sourceTree = BUILT_PRODUCTS_DIR; };
		13B07FAF1A68108700A75B9A /* AppDelegate.h */ = {isa = PBXFileReference; fileEncoding = 4; lastKnownFileType = sourcecode.c.h; name = AppDelegate.h; path = TestProject/AppDelegate.h; sourceTree = "<group>"; };
		13B07FB01A68108700A75B9A /* AppDelegate.m */ = {isa = PBXFileReference; fileEncoding = 4; lastKnownFileType = sourcecode.c.objc; name = AppDelegate.m; path = TestProject/AppDelegate.m; sourceTree = "<group>"; };
		13B07FB21A68108700A75B9A /* Base */ = {isa = PBXFileReference; lastKnownFileType = file.xib; name = Base; path = Base.lproj/LaunchScreen.xib; sourceTree = "<group>"; };
		13B07FB51A68108700A75B9A /* Images.xcassets */ = {isa = PBXFileReference; lastKnownFileType = folder.assetcatalog; name = Images.xcassets; path = TestProject/Images.xcassets; sourceTree = "<group>"; };
		13B07FB61A68108700A75B9A /* Info.plist */ = {isa = PBXFileReference; fileEncoding = 4; lastKnownFileType = text.plist.xml; name = Info.plist; path = TestProject/Info.plist; sourceTree = "<group>"; };
		13B07FB71A68108700A75B9A /* main.m */ = {isa = PBXFileReference; fileEncoding = 4; lastKnownFileType = sourcecode.c.objc; name = main.m; path = TestProject/main.m; sourceTree = "<group>"; };
		2D02E47B1E0B4A5D006451C7 /* TestProject-tvOS.app */ = {isa = PBXFileReference; explicitFileType = wrapper.application; includeInIndex = 0; path = "TestProject-tvOS.app"; sourceTree = BUILT_PRODUCTS_DIR; };
		2D02E4901E0B4A5D006451C7 /* TestProject-tvOSTests.xctest */ = {isa = PBXFileReference; explicitFileType = wrapper.cfbundle; includeInIndex = 0; path = "TestProject-tvOSTests.xctest"; sourceTree = BUILT_PRODUCTS_DIR; };
		48ECD5A023A0EA25003FE718 /* libGoogle-Maps-iOS-Utils.a */ = {isa = PBXFileReference; explicitFileType = archive.ar; path = "libGoogle-Maps-iOS-Utils.a"; sourceTree = BUILT_PRODUCTS_DIR; };
		48ECD5F623A0ED0E003FE718 /* AIRMapLocalTileManager.h */ = {isa = PBXFileReference; fileEncoding = 4; lastKnownFileType = sourcecode.c.h; path = AIRMapLocalTileManager.h; sourceTree = "<group>"; };
		48ECD5F723A0ED0E003FE718 /* AIRMapCallout.h */ = {isa = PBXFileReference; fileEncoding = 4; lastKnownFileType = sourcecode.c.h; path = AIRMapCallout.h; sourceTree = "<group>"; };
		48ECD5F823A0ED0E003FE718 /* AIRWeakTimerReference.h */ = {isa = PBXFileReference; fileEncoding = 4; lastKnownFileType = sourcecode.c.h; path = AIRWeakTimerReference.h; sourceTree = "<group>"; };
		48ECD5F923A0ED0E003FE718 /* AIRMapLocalTileOverlay.h */ = {isa = PBXFileReference; fileEncoding = 4; lastKnownFileType = sourcecode.c.h; path = AIRMapLocalTileOverlay.h; sourceTree = "<group>"; };
		48ECD5FA23A0ED0E003FE718 /* AIRMapCalloutManager.m */ = {isa = PBXFileReference; fileEncoding = 4; lastKnownFileType = sourcecode.c.objc; path = AIRMapCalloutManager.m; sourceTree = "<group>"; };
		48ECD5FB23A0ED0E003FE718 /* AIRMap.h */ = {isa = PBXFileReference; fileEncoding = 4; lastKnownFileType = sourcecode.c.h; path = AIRMap.h; sourceTree = "<group>"; };
		48ECD5FC23A0ED0E003FE718 /* AIRMapPolygon.h */ = {isa = PBXFileReference; fileEncoding = 4; lastKnownFileType = sourcecode.c.h; path = AIRMapPolygon.h; sourceTree = "<group>"; };
		48ECD5FD23A0ED0E003FE718 /* AIRMapPolygonManager.h */ = {isa = PBXFileReference; fileEncoding = 4; lastKnownFileType = sourcecode.c.h; path = AIRMapPolygonManager.h; sourceTree = "<group>"; };
		48ECD5FE23A0ED0E003FE718 /* AIRMapMarker.h */ = {isa = PBXFileReference; fileEncoding = 4; lastKnownFileType = sourcecode.c.h; path = AIRMapMarker.h; sourceTree = "<group>"; };
		48ECD5FF23A0ED0E003FE718 /* AIRMapCircleManager.h */ = {isa = PBXFileReference; fileEncoding = 4; lastKnownFileType = sourcecode.c.h; path = AIRMapCircleManager.h; sourceTree = "<group>"; };
		48ECD60023A0ED0E003FE718 /* AIRWeakMapReference.h */ = {isa = PBXFileReference; fileEncoding = 4; lastKnownFileType = sourcecode.c.h; path = AIRWeakMapReference.h; sourceTree = "<group>"; };
		48ECD60123A0ED0E003FE718 /* AIRMapPolyline.h */ = {isa = PBXFileReference; fileEncoding = 4; lastKnownFileType = sourcecode.c.h; path = AIRMapPolyline.h; sourceTree = "<group>"; };
		48ECD60223A0ED0E003FE718 /* AIRMapLocalTile.m */ = {isa = PBXFileReference; fileEncoding = 4; lastKnownFileType = sourcecode.c.objc; path = AIRMapLocalTile.m; sourceTree = "<group>"; };
		48ECD60323A0ED0E003FE718 /* AIRMapWMSTileManager.h */ = {isa = PBXFileReference; fileEncoding = 4; lastKnownFileType = sourcecode.c.h; path = AIRMapWMSTileManager.h; sourceTree = "<group>"; };
		48ECD60423A0ED0E003FE718 /* AIRMapUrlTileManager.h */ = {isa = PBXFileReference; fileEncoding = 4; lastKnownFileType = sourcecode.c.h; path = AIRMapUrlTileManager.h; sourceTree = "<group>"; };
		48ECD60523A0ED0E003FE718 /* AIRMapMarkerManager.m */ = {isa = PBXFileReference; fileEncoding = 4; lastKnownFileType = sourcecode.c.objc; path = AIRMapMarkerManager.m; sourceTree = "<group>"; };
		48ECD60623A0ED0E003FE718 /* AIRMapCalloutSubviewManager.h */ = {isa = PBXFileReference; fileEncoding = 4; lastKnownFileType = sourcecode.c.h; path = AIRMapCalloutSubviewManager.h; sourceTree = "<group>"; };
		48ECD60723A0ED0E003FE718 /* AIRMapUrlTile.m */ = {isa = PBXFileReference; fileEncoding = 4; lastKnownFileType = sourcecode.c.objc; path = AIRMapUrlTile.m; sourceTree = "<group>"; };
		48ECD60823A0ED0E003FE718 /* AIRMapPolylineRenderer.m */ = {isa = PBXFileReference; fileEncoding = 4; lastKnownFileType = sourcecode.c.objc; path = AIRMapPolylineRenderer.m; sourceTree = "<group>"; };
		48ECD60923A0ED0E003FE718 /* AIRMapOverlayManager.m */ = {isa = PBXFileReference; fileEncoding = 4; lastKnownFileType = sourcecode.c.objc; path = AIRMapOverlayManager.m; sourceTree = "<group>"; };
		48ECD60A23A0ED0E003FE718 /* AIRMapWMSTile.h */ = {isa = PBXFileReference; fileEncoding = 4; lastKnownFileType = sourcecode.c.h; path = AIRMapWMSTile.h; sourceTree = "<group>"; };
		48ECD60B23A0ED0E003FE718 /* AIRMapCircle.h */ = {isa = PBXFileReference; fileEncoding = 4; lastKnownFileType = sourcecode.c.h; path = AIRMapCircle.h; sourceTree = "<group>"; };
		48ECD60C23A0ED0E003FE718 /* AIRMapCoordinate.m */ = {isa = PBXFileReference; fileEncoding = 4; lastKnownFileType = sourcecode.c.objc; path = AIRMapCoordinate.m; sourceTree = "<group>"; };
		48ECD60D23A0ED0E003FE718 /* RCTConvert+AirMap.h */ = {isa = PBXFileReference; fileEncoding = 4; lastKnownFileType = sourcecode.c.h; path = "RCTConvert+AirMap.h"; sourceTree = "<group>"; };
		48ECD60E23A0ED0E003FE718 /* AIRMapCalloutSubview.m */ = {isa = PBXFileReference; fileEncoding = 4; lastKnownFileType = sourcecode.c.objc; path = AIRMapCalloutSubview.m; sourceTree = "<group>"; };
		48ECD60F23A0ED0E003FE718 /* AIRMapOverlay.h */ = {isa = PBXFileReference; fileEncoding = 4; lastKnownFileType = sourcecode.c.h; path = AIRMapOverlay.h; sourceTree = "<group>"; };
		48ECD61023A0ED0E003FE718 /* AIRMapOverlayRenderer.h */ = {isa = PBXFileReference; fileEncoding = 4; lastKnownFileType = sourcecode.c.h; path = AIRMapOverlayRenderer.h; sourceTree = "<group>"; };
		48ECD61123A0ED0E003FE718 /* AIRMapManager.h */ = {isa = PBXFileReference; fileEncoding = 4; lastKnownFileType = sourcecode.c.h; path = AIRMapManager.h; sourceTree = "<group>"; };
		48ECD61223A0ED0E003FE718 /* AIRMapPolylineManager.m */ = {isa = PBXFileReference; fileEncoding = 4; lastKnownFileType = sourcecode.c.objc; path = AIRMapPolylineManager.m; sourceTree = "<group>"; };
		48ECD61323A0ED0E003FE718 /* AIRMapCalloutManager.h */ = {isa = PBXFileReference; fileEncoding = 4; lastKnownFileType = sourcecode.c.h; path = AIRMapCalloutManager.h; sourceTree = "<group>"; };
		48ECD61523A0ED0E003FE718 /* SMCalloutView.m */ = {isa = PBXFileReference; fileEncoding = 4; lastKnownFileType = sourcecode.c.objc; path = SMCalloutView.m; sourceTree = "<group>"; };
		48ECD61623A0ED0E003FE718 /* SMCalloutView.h */ = {isa = PBXFileReference; fileEncoding = 4; lastKnownFileType = sourcecode.c.h; path = SMCalloutView.h; sourceTree = "<group>"; };
		48ECD61723A0ED0E003FE718 /* AIRMapLocalTileOverlay.m */ = {isa = PBXFileReference; fileEncoding = 4; lastKnownFileType = sourcecode.c.objc; path = AIRMapLocalTileOverlay.m; sourceTree = "<group>"; };
		48ECD61823A0ED0E003FE718 /* AIRWeakTimerReference.m */ = {isa = PBXFileReference; fileEncoding = 4; lastKnownFileType = sourcecode.c.objc; path = AIRWeakTimerReference.m; sourceTree = "<group>"; };
		48ECD61923A0ED0E003FE718 /* AIRMapCallout.m */ = {isa = PBXFileReference; fileEncoding = 4; lastKnownFileType = sourcecode.c.objc; path = AIRMapCallout.m; sourceTree = "<group>"; };
		48ECD61A23A0ED0E003FE718 /* AIRMapLocalTileManager.m */ = {isa = PBXFileReference; fileEncoding = 4; lastKnownFileType = sourcecode.c.objc; path = AIRMapLocalTileManager.m; sourceTree = "<group>"; };
		48ECD61B23A0ED0E003FE718 /* AIRMapPolyline.m */ = {isa = PBXFileReference; fileEncoding = 4; lastKnownFileType = sourcecode.c.objc; path = AIRMapPolyline.m; sourceTree = "<group>"; };
		48ECD61C23A0ED0E003FE718 /* AIRMapSnapshot.h */ = {isa = PBXFileReference; fileEncoding = 4; lastKnownFileType = sourcecode.c.h; path = AIRMapSnapshot.h; sourceTree = "<group>"; };
		48ECD61D23A0ED0E003FE718 /* AIRWeakMapReference.m */ = {isa = PBXFileReference; fileEncoding = 4; lastKnownFileType = sourcecode.c.objc; path = AIRWeakMapReference.m; sourceTree = "<group>"; };
		48ECD61E23A0ED0E003FE718 /* AIRMapCircleManager.m */ = {isa = PBXFileReference; fileEncoding = 4; lastKnownFileType = sourcecode.c.objc; path = AIRMapCircleManager.m; sourceTree = "<group>"; };
		48ECD61F23A0ED0E003FE718 /* AIRMapMarker.m */ = {isa = PBXFileReference; fileEncoding = 4; lastKnownFileType = sourcecode.c.objc; path = AIRMapMarker.m; sourceTree = "<group>"; };
		48ECD62023A0ED0E003FE718 /* AIRMapPolygonManager.m */ = {isa = PBXFileReference; fileEncoding = 4; lastKnownFileType = sourcecode.c.objc; path = AIRMapPolygonManager.m; sourceTree = "<group>"; };
		48ECD62123A0ED0E003FE718 /* AIRMapPolygon.m */ = {isa = PBXFileReference; fileEncoding = 4; lastKnownFileType = sourcecode.c.objc; path = AIRMapPolygon.m; sourceTree = "<group>"; };
		48ECD62223A0ED0E003FE718 /* AIRMap.m */ = {isa = PBXFileReference; fileEncoding = 4; lastKnownFileType = sourcecode.c.objc; path = AIRMap.m; sourceTree = "<group>"; };
		48ECD62323A0ED0E003FE718 /* AIRMapCoordinate.h */ = {isa = PBXFileReference; fileEncoding = 4; lastKnownFileType = sourcecode.c.h; path = AIRMapCoordinate.h; sourceTree = "<group>"; };
		48ECD62423A0ED0E003FE718 /* AIRMapCircle.m */ = {isa = PBXFileReference; fileEncoding = 4; lastKnownFileType = sourcecode.c.objc; path = AIRMapCircle.m; sourceTree = "<group>"; };
		48ECD62523A0ED0E003FE718 /* AIRMapOverlayManager.h */ = {isa = PBXFileReference; fileEncoding = 4; lastKnownFileType = sourcecode.c.h; path = AIRMapOverlayManager.h; sourceTree = "<group>"; };
		48ECD62623A0ED0E003FE718 /* AIRMapWMSTile.m */ = {isa = PBXFileReference; fileEncoding = 4; lastKnownFileType = sourcecode.c.objc; path = AIRMapWMSTile.m; sourceTree = "<group>"; };
		48ECD62723A0ED0E003FE718 /* AIRMapPolylineRenderer.h */ = {isa = PBXFileReference; fileEncoding = 4; lastKnownFileType = sourcecode.c.h; path = AIRMapPolylineRenderer.h; sourceTree = "<group>"; };
		48ECD62823A0ED0E003FE718 /* AIRMapUrlTile.h */ = {isa = PBXFileReference; fileEncoding = 4; lastKnownFileType = sourcecode.c.h; path = AIRMapUrlTile.h; sourceTree = "<group>"; };
		48ECD62923A0ED0E003FE718 /* AIRMapCalloutSubviewManager.m */ = {isa = PBXFileReference; fileEncoding = 4; lastKnownFileType = sourcecode.c.objc; path = AIRMapCalloutSubviewManager.m; sourceTree = "<group>"; };
		48ECD62A23A0ED0E003FE718 /* AIRMapUrlTileManager.m */ = {isa = PBXFileReference; fileEncoding = 4; lastKnownFileType = sourcecode.c.objc; path = AIRMapUrlTileManager.m; sourceTree = "<group>"; };
		48ECD62B23A0ED0E003FE718 /* AIRMapMarkerManager.h */ = {isa = PBXFileReference; fileEncoding = 4; lastKnownFileType = sourcecode.c.h; path = AIRMapMarkerManager.h; sourceTree = "<group>"; };
		48ECD62C23A0ED0E003FE718 /* AIRMapWMSTileManager.m */ = {isa = PBXFileReference; fileEncoding = 4; lastKnownFileType = sourcecode.c.objc; path = AIRMapWMSTileManager.m; sourceTree = "<group>"; };
		48ECD62D23A0ED0E003FE718 /* AIRMapLocalTile.h */ = {isa = PBXFileReference; fileEncoding = 4; lastKnownFileType = sourcecode.c.h; path = AIRMapLocalTile.h; sourceTree = "<group>"; };
		48ECD62E23A0ED0E003FE718 /* AIRMapPolylineManager.h */ = {isa = PBXFileReference; fileEncoding = 4; lastKnownFileType = sourcecode.c.h; path = AIRMapPolylineManager.h; sourceTree = "<group>"; };
		48ECD62F23A0ED0E003FE718 /* AIRMapManager.m */ = {isa = PBXFileReference; fileEncoding = 4; lastKnownFileType = sourcecode.c.objc; path = AIRMapManager.m; sourceTree = "<group>"; };
		48ECD63023A0ED0E003FE718 /* AIRMapOverlay.m */ = {isa = PBXFileReference; fileEncoding = 4; lastKnownFileType = sourcecode.c.objc; path = AIRMapOverlay.m; sourceTree = "<group>"; };
		48ECD63123A0ED0E003FE718 /* AIRMapOverlayRenderer.m */ = {isa = PBXFileReference; fileEncoding = 4; lastKnownFileType = sourcecode.c.objc; path = AIRMapOverlayRenderer.m; sourceTree = "<group>"; };
		48ECD63223A0ED0E003FE718 /* AIRMapCalloutSubview.h */ = {isa = PBXFileReference; fileEncoding = 4; lastKnownFileType = sourcecode.c.h; path = AIRMapCalloutSubview.h; sourceTree = "<group>"; };
		48ECD63323A0ED0E003FE718 /* RCTConvert+AirMap.m */ = {isa = PBXFileReference; fileEncoding = 4; lastKnownFileType = sourcecode.c.objc; path = "RCTConvert+AirMap.m"; sourceTree = "<group>"; };
		48ECD63523A0ED0E003FE718 /* AIRDummyView.m */ = {isa = PBXFileReference; fileEncoding = 4; lastKnownFileType = sourcecode.c.objc; path = AIRDummyView.m; sourceTree = "<group>"; };
		48ECD63623A0ED0E003FE718 /* AIRGoogleMapWMSTile.h */ = {isa = PBXFileReference; fileEncoding = 4; lastKnownFileType = sourcecode.c.h; path = AIRGoogleMapWMSTile.h; sourceTree = "<group>"; };
		48ECD63723A0ED0E003FE718 /* AIRGoogleMapPolyline.h */ = {isa = PBXFileReference; fileEncoding = 4; lastKnownFileType = sourcecode.c.h; path = AIRGoogleMapPolyline.h; sourceTree = "<group>"; };
		48ECD63823A0ED0E003FE718 /* AIRGoogleMapHeatmapManager.h */ = {isa = PBXFileReference; fileEncoding = 4; lastKnownFileType = sourcecode.c.h; path = AIRGoogleMapHeatmapManager.h; sourceTree = "<group>"; };
		48ECD63923A0ED0E003FE718 /* AIRGoogleMapUrlTile.m */ = {isa = PBXFileReference; fileEncoding = 4; lastKnownFileType = sourcecode.c.objc; path = AIRGoogleMapUrlTile.m; sourceTree = "<group>"; };
		48ECD63A23A0ED0E003FE718 /* AIRGoogleMapMarkerManager.h */ = {isa = PBXFileReference; fileEncoding = 4; lastKnownFileType = sourcecode.c.h; path = AIRGoogleMapMarkerManager.h; sourceTree = "<group>"; };
		48ECD63B23A0ED0E003FE718 /* AIRGoogleMapCalloutManager.h */ = {isa = PBXFileReference; fileEncoding = 4; lastKnownFileType = sourcecode.c.h; path = AIRGoogleMapCalloutManager.h; sourceTree = "<group>"; };
		48ECD63C23A0ED0E003FE718 /* AIRGoogleMapPolygonManager.m */ = {isa = PBXFileReference; fileEncoding = 4; lastKnownFileType = sourcecode.c.objc; path = AIRGoogleMapPolygonManager.m; sourceTree = "<group>"; };
		48ECD63D23A0ED0E003FE718 /* RCTConvert+GMSMapViewType.h */ = {isa = PBXFileReference; fileEncoding = 4; lastKnownFileType = sourcecode.c.h; path = "RCTConvert+GMSMapViewType.h"; sourceTree = "<group>"; };
		48ECD63E23A0ED0E003FE718 /* AIRGoogleMapManager.h */ = {isa = PBXFileReference; fileEncoding = 4; lastKnownFileType = sourcecode.c.h; path = AIRGoogleMapManager.h; sourceTree = "<group>"; };
		48ECD63F23A0ED0E003FE718 /* AIRGoogleMapMarker.m */ = {isa = PBXFileReference; fileEncoding = 4; lastKnownFileType = sourcecode.c.objc; path = AIRGoogleMapMarker.m; sourceTree = "<group>"; };
		48ECD64023A0ED0E003FE718 /* AIRGMSPolyline.h */ = {isa = PBXFileReference; fileEncoding = 4; lastKnownFileType = sourcecode.c.h; path = AIRGMSPolyline.h; sourceTree = "<group>"; };
		48ECD64123A0ED0E003FE718 /* AIRGoogleMapPolylineManager.h */ = {isa = PBXFileReference; fileEncoding = 4; lastKnownFileType = sourcecode.c.h; path = AIRGoogleMapPolylineManager.h; sourceTree = "<group>"; };
		48ECD64223A0ED0E003FE718 /* AIRGoogleMapOverlay.h */ = {isa = PBXFileReference; fileEncoding = 4; lastKnownFileType = sourcecode.c.h; path = AIRGoogleMapOverlay.h; sourceTree = "<group>"; };
		48ECD64323A0ED0E003FE718 /* AIRGMSPolygon.m */ = {isa = PBXFileReference; fileEncoding = 4; lastKnownFileType = sourcecode.c.objc; path = AIRGMSPolygon.m; sourceTree = "<group>"; };
		48ECD64423A0ED0E003FE718 /* AIRGoogleMapURLTileManager.m */ = {isa = PBXFileReference; fileEncoding = 4; lastKnownFileType = sourcecode.c.objc; path = AIRGoogleMapURLTileManager.m; sourceTree = "<group>"; };
		48ECD64523A0ED0E003FE718 /* AIRGoogleMapWMSTileManager.m */ = {isa = PBXFileReference; fileEncoding = 4; lastKnownFileType = sourcecode.c.objc; path = AIRGoogleMapWMSTileManager.m; sourceTree = "<group>"; };
		48ECD64623A0ED0E003FE718 /* AIRGoogleMapCircle.m */ = {isa = PBXFileReference; fileEncoding = 4; lastKnownFileType = sourcecode.c.objc; path = AIRGoogleMapCircle.m; sourceTree = "<group>"; };
		48ECD64723A0ED0E003FE718 /* AIRGoogleMap.h */ = {isa = PBXFileReference; fileEncoding = 4; lastKnownFileType = sourcecode.c.h; path = AIRGoogleMap.h; sourceTree = "<group>"; };
		48ECD64823A0ED0E003FE718 /* AIRGoogleMapHeatmap.h */ = {isa = PBXFileReference; fileEncoding = 4; lastKnownFileType = sourcecode.c.h; path = AIRGoogleMapHeatmap.h; sourceTree = "<group>"; };
		48ECD64923A0ED0E003FE718 /* AIRGoogleMapOverlayManager.h */ = {isa = PBXFileReference; fileEncoding = 4; lastKnownFileType = sourcecode.c.h; path = AIRGoogleMapOverlayManager.h; sourceTree = "<group>"; };
		48ECD64A23A0ED0E003FE718 /* AIRGoogleMapCallout.h */ = {isa = PBXFileReference; fileEncoding = 4; lastKnownFileType = sourcecode.c.h; path = AIRGoogleMapCallout.h; sourceTree = "<group>"; };
		48ECD64B23A0ED0E003FE718 /* AIRGoogleMapCalloutSubviewManager.h */ = {isa = PBXFileReference; fileEncoding = 4; lastKnownFileType = sourcecode.c.h; path = AIRGoogleMapCalloutSubviewManager.h; sourceTree = "<group>"; };
		48ECD64C23A0ED0E003FE718 /* AIRGoogleMapCalloutSubview.h */ = {isa = PBXFileReference; fileEncoding = 4; lastKnownFileType = sourcecode.c.h; path = AIRGoogleMapCalloutSubview.h; sourceTree = "<group>"; };
		48ECD64D23A0ED0E003FE718 /* AIRGMSMarker.h */ = {isa = PBXFileReference; fileEncoding = 4; lastKnownFileType = sourcecode.c.h; path = AIRGMSMarker.h; sourceTree = "<group>"; };
		48ECD64E23A0ED0E003FE718 /* AIRGoogleMapCircleManager.m */ = {isa = PBXFileReference; fileEncoding = 4; lastKnownFileType = sourcecode.c.objc; path = AIRGoogleMapCircleManager.m; sourceTree = "<group>"; };
		48ECD64F23A0ED0E003FE718 /* AIRGoogleMapPolygon.h */ = {isa = PBXFileReference; fileEncoding = 4; lastKnownFileType = sourcecode.c.h; path = AIRGoogleMapPolygon.h; sourceTree = "<group>"; };
		48ECD65023A0ED0E003FE718 /* AIRGoogleMapCalloutManager.m */ = {isa = PBXFileReference; fileEncoding = 4; lastKnownFileType = sourcecode.c.objc; path = AIRGoogleMapCalloutManager.m; sourceTree = "<group>"; };
		48ECD65123A0ED0E003FE718 /* AIRGoogleMapMarkerManager.m */ = {isa = PBXFileReference; fileEncoding = 4; lastKnownFileType = sourcecode.c.objc; path = AIRGoogleMapMarkerManager.m; sourceTree = "<group>"; };
		48ECD65223A0ED0E003FE718 /* AIRGoogleMapUrlTile.h */ = {isa = PBXFileReference; fileEncoding = 4; lastKnownFileType = sourcecode.c.h; path = AIRGoogleMapUrlTile.h; sourceTree = "<group>"; };
		48ECD65323A0ED0E003FE718 /* AIRGoogleMapPolyline.m */ = {isa = PBXFileReference; fileEncoding = 4; lastKnownFileType = sourcecode.c.objc; path = AIRGoogleMapPolyline.m; sourceTree = "<group>"; };
		48ECD65423A0ED0E003FE718 /* AIRGoogleMapHeatmapManager.m */ = {isa = PBXFileReference; fileEncoding = 4; lastKnownFileType = sourcecode.c.objc; path = AIRGoogleMapHeatmapManager.m; sourceTree = "<group>"; };
		48ECD65523A0ED0E003FE718 /* AIRGoogleMapWMSTile.m */ = {isa = PBXFileReference; fileEncoding = 4; lastKnownFileType = sourcecode.c.objc; path = AIRGoogleMapWMSTile.m; sourceTree = "<group>"; };
		48ECD65623A0ED0E003FE718 /* AIRDummyView.h */ = {isa = PBXFileReference; fileEncoding = 4; lastKnownFileType = sourcecode.c.h; path = AIRDummyView.h; sourceTree = "<group>"; };
		48ECD65723A0ED0E003FE718 /* AIRGMSPolygon.h */ = {isa = PBXFileReference; fileEncoding = 4; lastKnownFileType = sourcecode.c.h; path = AIRGMSPolygon.h; sourceTree = "<group>"; };
		48ECD65823A0ED0E003FE718 /* AIRGoogleMapOverlay.m */ = {isa = PBXFileReference; fileEncoding = 4; lastKnownFileType = sourcecode.c.objc; path = AIRGoogleMapOverlay.m; sourceTree = "<group>"; };
		48ECD65923A0ED0E003FE718 /* AIRGMSPolyline.m */ = {isa = PBXFileReference; fileEncoding = 4; lastKnownFileType = sourcecode.c.objc; path = AIRGMSPolyline.m; sourceTree = "<group>"; };
		48ECD65A23A0ED0E003FE718 /* AIRGoogleMapPolylineManager.m */ = {isa = PBXFileReference; fileEncoding = 4; lastKnownFileType = sourcecode.c.objc; path = AIRGoogleMapPolylineManager.m; sourceTree = "<group>"; };
		48ECD65B23A0ED0E003FE718 /* AIRGoogleMapManager.m */ = {isa = PBXFileReference; fileEncoding = 4; lastKnownFileType = sourcecode.c.objc; path = AIRGoogleMapManager.m; sourceTree = "<group>"; };
		48ECD65C23A0ED0E003FE718 /* AIRGoogleMapMarker.h */ = {isa = PBXFileReference; fileEncoding = 4; lastKnownFileType = sourcecode.c.h; path = AIRGoogleMapMarker.h; sourceTree = "<group>"; };
		48ECD65D23A0ED0E003FE718 /* AIRGoogleMapPolygonManager.h */ = {isa = PBXFileReference; fileEncoding = 4; lastKnownFileType = sourcecode.c.h; path = AIRGoogleMapPolygonManager.h; sourceTree = "<group>"; };
		48ECD65E23A0ED0E003FE718 /* RCTConvert+GMSMapViewType.m */ = {isa = PBXFileReference; fileEncoding = 4; lastKnownFileType = sourcecode.c.objc; path = "RCTConvert+GMSMapViewType.m"; sourceTree = "<group>"; };
		48ECD65F23A0ED0E003FE718 /* AIRGoogleMapCalloutSubviewManager.m */ = {isa = PBXFileReference; fileEncoding = 4; lastKnownFileType = sourcecode.c.objc; path = AIRGoogleMapCalloutSubviewManager.m; sourceTree = "<group>"; };
		48ECD66023A0ED0E003FE718 /* AIRGoogleMapCallout.m */ = {isa = PBXFileReference; fileEncoding = 4; lastKnownFileType = sourcecode.c.objc; path = AIRGoogleMapCallout.m; sourceTree = "<group>"; };
		48ECD66123A0ED0E003FE718 /* AIRGoogleMapOverlayManager.m */ = {isa = PBXFileReference; fileEncoding = 4; lastKnownFileType = sourcecode.c.objc; path = AIRGoogleMapOverlayManager.m; sourceTree = "<group>"; };
		48ECD66223A0ED0E003FE718 /* AIRGoogleMapHeatmap.m */ = {isa = PBXFileReference; fileEncoding = 4; lastKnownFileType = sourcecode.c.objc; path = AIRGoogleMapHeatmap.m; sourceTree = "<group>"; };
		48ECD66323A0ED0E003FE718 /* AIRGoogleMap.m */ = {isa = PBXFileReference; fileEncoding = 4; lastKnownFileType = sourcecode.c.objc; path = AIRGoogleMap.m; sourceTree = "<group>"; };
		48ECD66423A0ED0E003FE718 /* AIRGoogleMapCircle.h */ = {isa = PBXFileReference; fileEncoding = 4; lastKnownFileType = sourcecode.c.h; path = AIRGoogleMapCircle.h; sourceTree = "<group>"; };
		48ECD66523A0ED0E003FE718 /* AIRGoogleMapWMSTileManager.h */ = {isa = PBXFileReference; fileEncoding = 4; lastKnownFileType = sourcecode.c.h; path = AIRGoogleMapWMSTileManager.h; sourceTree = "<group>"; };
		48ECD66623A0ED0E003FE718 /* AIRGoogleMapUrlTileManager.h */ = {isa = PBXFileReference; fileEncoding = 4; lastKnownFileType = sourcecode.c.h; path = AIRGoogleMapUrlTileManager.h; sourceTree = "<group>"; };
		48ECD66723A0ED0E003FE718 /* AIRGoogleMapCircleManager.h */ = {isa = PBXFileReference; fileEncoding = 4; lastKnownFileType = sourcecode.c.h; path = AIRGoogleMapCircleManager.h; sourceTree = "<group>"; };
		48ECD66823A0ED0E003FE718 /* AIRGoogleMapPolygon.m */ = {isa = PBXFileReference; fileEncoding = 4; lastKnownFileType = sourcecode.c.objc; path = AIRGoogleMapPolygon.m; sourceTree = "<group>"; };
		48ECD66923A0ED0E003FE718 /* AIRGMSMarker.m */ = {isa = PBXFileReference; fileEncoding = 4; lastKnownFileType = sourcecode.c.objc; path = AIRGMSMarker.m; sourceTree = "<group>"; };
		48ECD66A23A0ED0E003FE718 /* AIRGoogleMapCalloutSubview.m */ = {isa = PBXFileReference; fileEncoding = 4; lastKnownFileType = sourcecode.c.objc; path = AIRGoogleMapCalloutSubview.m; sourceTree = "<group>"; };
		4A0D0605626AAE977762ABED /* Pods-TestProject.release.xcconfig */ = {isa = PBXFileReference; includeInIndex = 1; lastKnownFileType = text.xcconfig; name = "Pods-TestProject.release.xcconfig"; path = "Target Support Files/Pods-TestProject/Pods-TestProject.release.xcconfig"; sourceTree = "<group>"; };
		6688A17CE5B6C0793E45F99D /* libPods-TestProject-tvOSTests.a */ = {isa = PBXFileReference; explicitFileType = archive.ar; includeInIndex = 0; path = "libPods-TestProject-tvOSTests.a"; sourceTree = BUILT_PRODUCTS_DIR; };
		6C89506F17BBB7730C8EF7D7 /* Pods-TestProject-tvOSTests.debug.xcconfig */ = {isa = PBXFileReference; includeInIndex = 1; lastKnownFileType = text.xcconfig; name = "Pods-TestProject-tvOSTests.debug.xcconfig"; path = "Target Support Files/Pods-TestProject-tvOSTests/Pods-TestProject-tvOSTests.debug.xcconfig"; sourceTree = "<group>"; };
		7841100BE2F58FEB30410B64 /* Pods-TestProjectTests.release.xcconfig */ = {isa = PBXFileReference; includeInIndex = 1; lastKnownFileType = text.xcconfig; name = "Pods-TestProjectTests.release.xcconfig"; path = "Target Support Files/Pods-TestProjectTests/Pods-TestProjectTests.release.xcconfig"; sourceTree = "<group>"; };
		7874BDC6D32DE6F560B6DE84 /* Pods-TestProject-tvOS.debug.xcconfig */ = {isa = PBXFileReference; includeInIndex = 1; lastKnownFileType = text.xcconfig; name = "Pods-TestProject-tvOS.debug.xcconfig"; path = "Target Support Files/Pods-TestProject-tvOS/Pods-TestProject-tvOS.debug.xcconfig"; sourceTree = "<group>"; };
		B122D30E265FE19F3D5AEE2D /* Pods-TestProjectTests.debug.xcconfig */ = {isa = PBXFileReference; includeInIndex = 1; lastKnownFileType = text.xcconfig; name = "Pods-TestProjectTests.debug.xcconfig"; path = "Target Support Files/Pods-TestProjectTests/Pods-TestProjectTests.debug.xcconfig"; sourceTree = "<group>"; };
		D03CD678BEB5E1A922A59D9E /* libPods-TestProjectTests.a */ = {isa = PBXFileReference; explicitFileType = archive.ar; includeInIndex = 0; path = "libPods-TestProjectTests.a"; sourceTree = BUILT_PRODUCTS_DIR; };
		D080AC9A5ED15CDB72C2E6FD /* Pods-TestProject-tvOS.release.xcconfig */ = {isa = PBXFileReference; includeInIndex = 1; lastKnownFileType = text.xcconfig; name = "Pods-TestProject-tvOS.release.xcconfig"; path = "Target Support Files/Pods-TestProject-tvOS/Pods-TestProject-tvOS.release.xcconfig"; sourceTree = "<group>"; };
		D20D156F24ECCD479BB68EBD /* libPods-TestProject-tvOS.a */ = {isa = PBXFileReference; explicitFileType = archive.ar; includeInIndex = 0; path = "libPods-TestProject-tvOS.a"; sourceTree = BUILT_PRODUCTS_DIR; };
		D31E2877BAAD8792B75F2875 /* libPods-TestProject.a */ = {isa = PBXFileReference; explicitFileType = archive.ar; includeInIndex = 0; path = "libPods-TestProject.a"; sourceTree = BUILT_PRODUCTS_DIR; };
		D7C4017E0E1072A07376D35E /* Pods-TestProject-tvOSTests.release.xcconfig */ = {isa = PBXFileReference; includeInIndex = 1; lastKnownFileType = text.xcconfig; name = "Pods-TestProject-tvOSTests.release.xcconfig"; path = "Target Support Files/Pods-TestProject-tvOSTests/Pods-TestProject-tvOSTests.release.xcconfig"; sourceTree = "<group>"; };
		ED297162215061F000B7C4FE /* JavaScriptCore.framework */ = {isa = PBXFileReference; lastKnownFileType = wrapper.framework; name = JavaScriptCore.framework; path = System/Library/Frameworks/JavaScriptCore.framework; sourceTree = SDKROOT; };
		ED2971642150620600B7C4FE /* JavaScriptCore.framework */ = {isa = PBXFileReference; lastKnownFileType = wrapper.framework; name = JavaScriptCore.framework; path = Platforms/AppleTVOS.platform/Developer/SDKs/AppleTVOS12.0.sdk/System/Library/Frameworks/JavaScriptCore.framework; sourceTree = DEVELOPER_DIR; };
/* End PBXFileReference section */

/* Begin PBXFrameworksBuildPhase section */
		00E356EB1AD99517003FC87E /* Frameworks */ = {
			isa = PBXFrameworksBuildPhase;
			buildActionMask = 2147483647;
			files = (
				E91F341EAC234F0E85C8126F /* libPods-TestProjectTests.a in Frameworks */,
			);
			runOnlyForDeploymentPostprocessing = 0;
		};
		13B07F8C1A680F5B00A75B9A /* Frameworks */ = {
			isa = PBXFrameworksBuildPhase;
			buildActionMask = 2147483647;
			files = (
				1A613E799C1FCA0BA6594E08 /* libPods-TestProject.a in Frameworks */,
			);
			runOnlyForDeploymentPostprocessing = 0;
		};
		2D02E4781E0B4A5D006451C7 /* Frameworks */ = {
			isa = PBXFrameworksBuildPhase;
			buildActionMask = 2147483647;
			files = (
				0E0A37D2B2A80150E78CC64A /* libPods-TestProject-tvOS.a in Frameworks */,
			);
			runOnlyForDeploymentPostprocessing = 0;
		};
		2D02E48D1E0B4A5D006451C7 /* Frameworks */ = {
			isa = PBXFrameworksBuildPhase;
			buildActionMask = 2147483647;
			files = (
				30E736BA2BB73370D49FDBD1 /* libPods-TestProject-tvOSTests.a in Frameworks */,
			);
			runOnlyForDeploymentPostprocessing = 0;
		};
/* End PBXFrameworksBuildPhase section */

/* Begin PBXGroup section */
		00E356EF1AD99517003FC87E /* TestProjectTests */ = {
			isa = PBXGroup;
			children = (
				00E356F21AD99517003FC87E /* TestProjectTests.m */,
				00E356F01AD99517003FC87E /* Supporting Files */,
			);
			path = TestProjectTests;
			sourceTree = "<group>";
		};
		00E356F01AD99517003FC87E /* Supporting Files */ = {
			isa = PBXGroup;
			children = (
				00E356F11AD99517003FC87E /* Info.plist */,
			);
			name = "Supporting Files";
			sourceTree = "<group>";
		};
		13B07FAE1A68108700A75B9A /* TestProject */ = {
			isa = PBXGroup;
			children = (
				008F07F21AC5B25A0029DE68 /* main.jsbundle */,
				13B07FAF1A68108700A75B9A /* AppDelegate.h */,
				13B07FB01A68108700A75B9A /* AppDelegate.m */,
				13B07FB51A68108700A75B9A /* Images.xcassets */,
				13B07FB61A68108700A75B9A /* Info.plist */,
				13B07FB11A68108700A75B9A /* LaunchScreen.xib */,
				13B07FB71A68108700A75B9A /* main.m */,
			);
			name = TestProject;
			sourceTree = "<group>";
		};
		2D16E6871FA4F8E400B85C8A /* Frameworks */ = {
			isa = PBXGroup;
			children = (
				48ECD5A023A0EA25003FE718 /* libGoogle-Maps-iOS-Utils.a */,
				ED297162215061F000B7C4FE /* JavaScriptCore.framework */,
				ED2971642150620600B7C4FE /* JavaScriptCore.framework */,
				D31E2877BAAD8792B75F2875 /* libPods-TestProject.a */,
				D20D156F24ECCD479BB68EBD /* libPods-TestProject-tvOS.a */,
				6688A17CE5B6C0793E45F99D /* libPods-TestProject-tvOSTests.a */,
				D03CD678BEB5E1A922A59D9E /* libPods-TestProjectTests.a */,
			);
			name = Frameworks;
			sourceTree = "<group>";
		};
		48ECD5F523A0ED0E003FE718 /* AirMaps */ = {
			isa = PBXGroup;
			children = (
				48ECD5F623A0ED0E003FE718 /* AIRMapLocalTileManager.h */,
				48ECD5F723A0ED0E003FE718 /* AIRMapCallout.h */,
				48ECD5F823A0ED0E003FE718 /* AIRWeakTimerReference.h */,
				48ECD5F923A0ED0E003FE718 /* AIRMapLocalTileOverlay.h */,
				48ECD5FA23A0ED0E003FE718 /* AIRMapCalloutManager.m */,
				48ECD5FB23A0ED0E003FE718 /* AIRMap.h */,
				48ECD5FC23A0ED0E003FE718 /* AIRMapPolygon.h */,
				48ECD5FD23A0ED0E003FE718 /* AIRMapPolygonManager.h */,
				48ECD5FE23A0ED0E003FE718 /* AIRMapMarker.h */,
				48ECD5FF23A0ED0E003FE718 /* AIRMapCircleManager.h */,
				48ECD60023A0ED0E003FE718 /* AIRWeakMapReference.h */,
				48ECD60123A0ED0E003FE718 /* AIRMapPolyline.h */,
				48ECD60223A0ED0E003FE718 /* AIRMapLocalTile.m */,
				48ECD60323A0ED0E003FE718 /* AIRMapWMSTileManager.h */,
				48ECD60423A0ED0E003FE718 /* AIRMapUrlTileManager.h */,
				48ECD60523A0ED0E003FE718 /* AIRMapMarkerManager.m */,
				48ECD60623A0ED0E003FE718 /* AIRMapCalloutSubviewManager.h */,
				48ECD60723A0ED0E003FE718 /* AIRMapUrlTile.m */,
				48ECD60823A0ED0E003FE718 /* AIRMapPolylineRenderer.m */,
				48ECD60923A0ED0E003FE718 /* AIRMapOverlayManager.m */,
				48ECD60A23A0ED0E003FE718 /* AIRMapWMSTile.h */,
				48ECD60B23A0ED0E003FE718 /* AIRMapCircle.h */,
				48ECD60C23A0ED0E003FE718 /* AIRMapCoordinate.m */,
				48ECD60D23A0ED0E003FE718 /* RCTConvert+AirMap.h */,
				48ECD60E23A0ED0E003FE718 /* AIRMapCalloutSubview.m */,
				48ECD60F23A0ED0E003FE718 /* AIRMapOverlay.h */,
				48ECD61023A0ED0E003FE718 /* AIRMapOverlayRenderer.h */,
				48ECD61123A0ED0E003FE718 /* AIRMapManager.h */,
				48ECD61223A0ED0E003FE718 /* AIRMapPolylineManager.m */,
				48ECD61323A0ED0E003FE718 /* AIRMapCalloutManager.h */,
				48ECD61423A0ED0E003FE718 /* Callout */,
				48ECD61723A0ED0E003FE718 /* AIRMapLocalTileOverlay.m */,
				48ECD61823A0ED0E003FE718 /* AIRWeakTimerReference.m */,
				48ECD61923A0ED0E003FE718 /* AIRMapCallout.m */,
				48ECD61A23A0ED0E003FE718 /* AIRMapLocalTileManager.m */,
				48ECD61B23A0ED0E003FE718 /* AIRMapPolyline.m */,
				48ECD61C23A0ED0E003FE718 /* AIRMapSnapshot.h */,
				48ECD61D23A0ED0E003FE718 /* AIRWeakMapReference.m */,
				48ECD61E23A0ED0E003FE718 /* AIRMapCircleManager.m */,
				48ECD61F23A0ED0E003FE718 /* AIRMapMarker.m */,
				48ECD62023A0ED0E003FE718 /* AIRMapPolygonManager.m */,
				48ECD62123A0ED0E003FE718 /* AIRMapPolygon.m */,
				48ECD62223A0ED0E003FE718 /* AIRMap.m */,
				48ECD62323A0ED0E003FE718 /* AIRMapCoordinate.h */,
				48ECD62423A0ED0E003FE718 /* AIRMapCircle.m */,
				48ECD62523A0ED0E003FE718 /* AIRMapOverlayManager.h */,
				48ECD62623A0ED0E003FE718 /* AIRMapWMSTile.m */,
				48ECD62723A0ED0E003FE718 /* AIRMapPolylineRenderer.h */,
				48ECD62823A0ED0E003FE718 /* AIRMapUrlTile.h */,
				48ECD62923A0ED0E003FE718 /* AIRMapCalloutSubviewManager.m */,
				48ECD62A23A0ED0E003FE718 /* AIRMapUrlTileManager.m */,
				48ECD62B23A0ED0E003FE718 /* AIRMapMarkerManager.h */,
				48ECD62C23A0ED0E003FE718 /* AIRMapWMSTileManager.m */,
				48ECD62D23A0ED0E003FE718 /* AIRMapLocalTile.h */,
				48ECD62E23A0ED0E003FE718 /* AIRMapPolylineManager.h */,
				48ECD62F23A0ED0E003FE718 /* AIRMapManager.m */,
				48ECD63023A0ED0E003FE718 /* AIRMapOverlay.m */,
				48ECD63123A0ED0E003FE718 /* AIRMapOverlayRenderer.m */,
				48ECD63223A0ED0E003FE718 /* AIRMapCalloutSubview.h */,
				48ECD63323A0ED0E003FE718 /* RCTConvert+AirMap.m */,
			);
			path = AirMaps;
			sourceTree = "<group>";
		};
		48ECD61423A0ED0E003FE718 /* Callout */ = {
			isa = PBXGroup;
			children = (
				48ECD61523A0ED0E003FE718 /* SMCalloutView.m */,
				48ECD61623A0ED0E003FE718 /* SMCalloutView.h */,
			);
			path = Callout;
			sourceTree = "<group>";
		};
		48ECD63423A0ED0E003FE718 /* AirGoogleMaps */ = {
			isa = PBXGroup;
			children = (
				48ECD63523A0ED0E003FE718 /* AIRDummyView.m */,
				48ECD63623A0ED0E003FE718 /* AIRGoogleMapWMSTile.h */,
				48ECD63723A0ED0E003FE718 /* AIRGoogleMapPolyline.h */,
				48ECD63823A0ED0E003FE718 /* AIRGoogleMapHeatmapManager.h */,
				48ECD63923A0ED0E003FE718 /* AIRGoogleMapUrlTile.m */,
				48ECD63A23A0ED0E003FE718 /* AIRGoogleMapMarkerManager.h */,
				48ECD63B23A0ED0E003FE718 /* AIRGoogleMapCalloutManager.h */,
				48ECD63C23A0ED0E003FE718 /* AIRGoogleMapPolygonManager.m */,
				48ECD63D23A0ED0E003FE718 /* RCTConvert+GMSMapViewType.h */,
				48ECD63E23A0ED0E003FE718 /* AIRGoogleMapManager.h */,
				48ECD63F23A0ED0E003FE718 /* AIRGoogleMapMarker.m */,
				48ECD64023A0ED0E003FE718 /* AIRGMSPolyline.h */,
				48ECD64123A0ED0E003FE718 /* AIRGoogleMapPolylineManager.h */,
				48ECD64223A0ED0E003FE718 /* AIRGoogleMapOverlay.h */,
				48ECD64323A0ED0E003FE718 /* AIRGMSPolygon.m */,
				48ECD64423A0ED0E003FE718 /* AIRGoogleMapURLTileManager.m */,
				48ECD64523A0ED0E003FE718 /* AIRGoogleMapWMSTileManager.m */,
				48ECD64623A0ED0E003FE718 /* AIRGoogleMapCircle.m */,
				48ECD64723A0ED0E003FE718 /* AIRGoogleMap.h */,
				48ECD64823A0ED0E003FE718 /* AIRGoogleMapHeatmap.h */,
				48ECD64923A0ED0E003FE718 /* AIRGoogleMapOverlayManager.h */,
				48ECD64A23A0ED0E003FE718 /* AIRGoogleMapCallout.h */,
				48ECD64B23A0ED0E003FE718 /* AIRGoogleMapCalloutSubviewManager.h */,
				48ECD64C23A0ED0E003FE718 /* AIRGoogleMapCalloutSubview.h */,
				48ECD64D23A0ED0E003FE718 /* AIRGMSMarker.h */,
				48ECD64E23A0ED0E003FE718 /* AIRGoogleMapCircleManager.m */,
				48ECD64F23A0ED0E003FE718 /* AIRGoogleMapPolygon.h */,
				48ECD65023A0ED0E003FE718 /* AIRGoogleMapCalloutManager.m */,
				48ECD65123A0ED0E003FE718 /* AIRGoogleMapMarkerManager.m */,
				48ECD65223A0ED0E003FE718 /* AIRGoogleMapUrlTile.h */,
				48ECD65323A0ED0E003FE718 /* AIRGoogleMapPolyline.m */,
				48ECD65423A0ED0E003FE718 /* AIRGoogleMapHeatmapManager.m */,
				48ECD65523A0ED0E003FE718 /* AIRGoogleMapWMSTile.m */,
				48ECD65623A0ED0E003FE718 /* AIRDummyView.h */,
				48ECD65723A0ED0E003FE718 /* AIRGMSPolygon.h */,
				48ECD65823A0ED0E003FE718 /* AIRGoogleMapOverlay.m */,
				48ECD65923A0ED0E003FE718 /* AIRGMSPolyline.m */,
				48ECD65A23A0ED0E003FE718 /* AIRGoogleMapPolylineManager.m */,
				48ECD65B23A0ED0E003FE718 /* AIRGoogleMapManager.m */,
				48ECD65C23A0ED0E003FE718 /* AIRGoogleMapMarker.h */,
				48ECD65D23A0ED0E003FE718 /* AIRGoogleMapPolygonManager.h */,
				48ECD65E23A0ED0E003FE718 /* RCTConvert+GMSMapViewType.m */,
				48ECD65F23A0ED0E003FE718 /* AIRGoogleMapCalloutSubviewManager.m */,
				48ECD66023A0ED0E003FE718 /* AIRGoogleMapCallout.m */,
				48ECD66123A0ED0E003FE718 /* AIRGoogleMapOverlayManager.m */,
				48ECD66223A0ED0E003FE718 /* AIRGoogleMapHeatmap.m */,
				48ECD66323A0ED0E003FE718 /* AIRGoogleMap.m */,
				48ECD66423A0ED0E003FE718 /* AIRGoogleMapCircle.h */,
				48ECD66523A0ED0E003FE718 /* AIRGoogleMapWMSTileManager.h */,
				48ECD66623A0ED0E003FE718 /* AIRGoogleMapUrlTileManager.h */,
				48ECD66723A0ED0E003FE718 /* AIRGoogleMapCircleManager.h */,
				48ECD66823A0ED0E003FE718 /* AIRGoogleMapPolygon.m */,
				48ECD66923A0ED0E003FE718 /* AIRGMSMarker.m */,
				48ECD66A23A0ED0E003FE718 /* AIRGoogleMapCalloutSubview.m */,
			);
			path = AirGoogleMaps;
			sourceTree = "<group>";
		};
		6EB5DF39923D4F90EFFCFA82 /* Pods */ = {
			isa = PBXGroup;
			children = (
				040C2F8D521042EA17A37CAA /* Pods-TestProject.debug.xcconfig */,
				4A0D0605626AAE977762ABED /* Pods-TestProject.release.xcconfig */,
				7874BDC6D32DE6F560B6DE84 /* Pods-TestProject-tvOS.debug.xcconfig */,
				D080AC9A5ED15CDB72C2E6FD /* Pods-TestProject-tvOS.release.xcconfig */,
				6C89506F17BBB7730C8EF7D7 /* Pods-TestProject-tvOSTests.debug.xcconfig */,
				D7C4017E0E1072A07376D35E /* Pods-TestProject-tvOSTests.release.xcconfig */,
				B122D30E265FE19F3D5AEE2D /* Pods-TestProjectTests.debug.xcconfig */,
				7841100BE2F58FEB30410B64 /* Pods-TestProjectTests.release.xcconfig */,
			);
			path = Pods;
			sourceTree = "<group>";
		};
		832341AE1AAA6A7D00B99B32 /* Libraries */ = {
			isa = PBXGroup;
			children = (
			);
			name = Libraries;
			sourceTree = "<group>";
		};
		83CBB9F61A601CBA00E9B192 = {
			isa = PBXGroup;
			children = (
				48ECD63423A0ED0E003FE718 /* AirGoogleMaps */,
				48ECD5F523A0ED0E003FE718 /* AirMaps */,
				13B07FAE1A68108700A75B9A /* TestProject */,
				832341AE1AAA6A7D00B99B32 /* Libraries */,
				00E356EF1AD99517003FC87E /* TestProjectTests */,
				83CBBA001A601CBA00E9B192 /* Products */,
				2D16E6871FA4F8E400B85C8A /* Frameworks */,
				6EB5DF39923D4F90EFFCFA82 /* Pods */,
				CDF132F87B43435198DC362F /* Resources */,
			);
			indentWidth = 2;
			sourceTree = "<group>";
			tabWidth = 2;
			usesTabs = 0;
		};
		83CBBA001A601CBA00E9B192 /* Products */ = {
			isa = PBXGroup;
			children = (
				13B07F961A680F5B00A75B9A /* TestProject.app */,
				00E356EE1AD99517003FC87E /* TestProjectTests.xctest */,
				2D02E47B1E0B4A5D006451C7 /* TestProject-tvOS.app */,
				2D02E4901E0B4A5D006451C7 /* TestProject-tvOSTests.xctest */,
			);
			name = Products;
			sourceTree = "<group>";
		};
		CDF132F87B43435198DC362F /* Resources */ = {
			isa = PBXGroup;
			children = (
			);
			name = Resources;
			sourceTree = "<group>";
		};
/* End PBXGroup section */

/* Begin PBXNativeTarget section */
		00E356ED1AD99517003FC87E /* TestProjectTests */ = {
			isa = PBXNativeTarget;
			buildConfigurationList = 00E357021AD99517003FC87E /* Build configuration list for PBXNativeTarget "TestProjectTests" */;
			buildPhases = (
				82D436015174A8262F8EC3EA /* [CP] Check Pods Manifest.lock */,
				00E356EA1AD99517003FC87E /* Sources */,
				00E356EB1AD99517003FC87E /* Frameworks */,
				00E356EC1AD99517003FC87E /* Resources */,
			);
			buildRules = (
			);
			dependencies = (
				00E356F51AD99517003FC87E /* PBXTargetDependency */,
			);
			name = TestProjectTests;
			productName = TestProjectTests;
			productReference = 00E356EE1AD99517003FC87E /* TestProjectTests.xctest */;
			productType = "com.apple.product-type.bundle.unit-test";
		};
		13B07F861A680F5B00A75B9A /* TestProject */ = {
			isa = PBXNativeTarget;
			buildConfigurationList = 13B07F931A680F5B00A75B9A /* Build configuration list for PBXNativeTarget "TestProject" */;
			buildPhases = (
				8FF7BDD5BA78DB4C01595989 /* [CP] Check Pods Manifest.lock */,
				FD10A7F022414F080027D42C /* Start Packager */,
				13B07F871A680F5B00A75B9A /* Sources */,
				13B07F8C1A680F5B00A75B9A /* Frameworks */,
				13B07F8E1A680F5B00A75B9A /* Resources */,
				00DD1BFF1BD5951E006B06BC /* Bundle React Native code and images */,
				111E3BE763215AFE20819AA7 /* [CP] Copy Pods Resources */,
			);
			buildRules = (
			);
			dependencies = (
			);
			name = TestProject;
			productName = TestProject;
			productReference = 13B07F961A680F5B00A75B9A /* TestProject.app */;
			productType = "com.apple.product-type.application";
		};
		2D02E47A1E0B4A5D006451C7 /* TestProject-tvOS */ = {
			isa = PBXNativeTarget;
			buildConfigurationList = 2D02E4BA1E0B4A5E006451C7 /* Build configuration list for PBXNativeTarget "TestProject-tvOS" */;
			buildPhases = (
				A946B4E9871E6554A5B903EC /* [CP] Check Pods Manifest.lock */,
				FD10A7F122414F3F0027D42C /* Start Packager */,
				2D02E4771E0B4A5D006451C7 /* Sources */,
				2D02E4781E0B4A5D006451C7 /* Frameworks */,
				2D02E4791E0B4A5D006451C7 /* Resources */,
				2D02E4CB1E0B4B27006451C7 /* Bundle React Native Code And Images */,
			);
			buildRules = (
			);
			dependencies = (
			);
			name = "TestProject-tvOS";
			productName = "TestProject-tvOS";
			productReference = 2D02E47B1E0B4A5D006451C7 /* TestProject-tvOS.app */;
			productType = "com.apple.product-type.application";
		};
		2D02E48F1E0B4A5D006451C7 /* TestProject-tvOSTests */ = {
			isa = PBXNativeTarget;
			buildConfigurationList = 2D02E4BB1E0B4A5E006451C7 /* Build configuration list for PBXNativeTarget "TestProject-tvOSTests" */;
			buildPhases = (
				11F0385C1554C3D4775A1D98 /* [CP] Check Pods Manifest.lock */,
				2D02E48C1E0B4A5D006451C7 /* Sources */,
				2D02E48D1E0B4A5D006451C7 /* Frameworks */,
				2D02E48E1E0B4A5D006451C7 /* Resources */,
			);
			buildRules = (
			);
			dependencies = (
				2D02E4921E0B4A5D006451C7 /* PBXTargetDependency */,
			);
			name = "TestProject-tvOSTests";
			productName = "TestProject-tvOSTests";
			productReference = 2D02E4901E0B4A5D006451C7 /* TestProject-tvOSTests.xctest */;
			productType = "com.apple.product-type.bundle.unit-test";
		};
/* End PBXNativeTarget section */

/* Begin PBXProject section */
		83CBB9F71A601CBA00E9B192 /* Project object */ = {
			isa = PBXProject;
			attributes = {
				LastUpgradeCheck = 940;
				ORGANIZATIONNAME = Facebook;
				TargetAttributes = {
					00E356ED1AD99517003FC87E = {
						CreatedOnToolsVersion = 6.2;
						TestTargetID = 13B07F861A680F5B00A75B9A;
					};
					2D02E47A1E0B4A5D006451C7 = {
						CreatedOnToolsVersion = 8.2.1;
						ProvisioningStyle = Automatic;
					};
					2D02E48F1E0B4A5D006451C7 = {
						CreatedOnToolsVersion = 8.2.1;
						ProvisioningStyle = Automatic;
						TestTargetID = 2D02E47A1E0B4A5D006451C7;
					};
				};
			};
			buildConfigurationList = 83CBB9FA1A601CBA00E9B192 /* Build configuration list for PBXProject "TestProject" */;
			compatibilityVersion = "Xcode 3.2";
			developmentRegion = English;
			hasScannedForEncodings = 0;
			knownRegions = (
				English,
				en,
				Base,
			);
			mainGroup = 83CBB9F61A601CBA00E9B192;
			productRefGroup = 83CBBA001A601CBA00E9B192 /* Products */;
			projectDirPath = "";
			projectRoot = "";
			targets = (
				13B07F861A680F5B00A75B9A /* TestProject */,
				00E356ED1AD99517003FC87E /* TestProjectTests */,
				2D02E47A1E0B4A5D006451C7 /* TestProject-tvOS */,
				2D02E48F1E0B4A5D006451C7 /* TestProject-tvOSTests */,
			);
		};
/* End PBXProject section */

/* Begin PBXResourcesBuildPhase section */
		00E356EC1AD99517003FC87E /* Resources */ = {
			isa = PBXResourcesBuildPhase;
			buildActionMask = 2147483647;
			files = (
			);
			runOnlyForDeploymentPostprocessing = 0;
		};
		13B07F8E1A680F5B00A75B9A /* Resources */ = {
			isa = PBXResourcesBuildPhase;
			buildActionMask = 2147483647;
			files = (
				13B07FBF1A68108700A75B9A /* Images.xcassets in Resources */,
				13B07FBD1A68108700A75B9A /* LaunchScreen.xib in Resources */,
			);
			runOnlyForDeploymentPostprocessing = 0;
		};
		2D02E4791E0B4A5D006451C7 /* Resources */ = {
			isa = PBXResourcesBuildPhase;
			buildActionMask = 2147483647;
			files = (
				2D02E4BD1E0B4A84006451C7 /* Images.xcassets in Resources */,
			);
			runOnlyForDeploymentPostprocessing = 0;
		};
		2D02E48E1E0B4A5D006451C7 /* Resources */ = {
			isa = PBXResourcesBuildPhase;
			buildActionMask = 2147483647;
			files = (
			);
			runOnlyForDeploymentPostprocessing = 0;
		};
/* End PBXResourcesBuildPhase section */

/* Begin PBXShellScriptBuildPhase section */
		00DD1BFF1BD5951E006B06BC /* Bundle React Native code and images */ = {
			isa = PBXShellScriptBuildPhase;
			buildActionMask = 2147483647;
			files = (
			);
			inputPaths = (
			);
			name = "Bundle React Native code and images";
			outputPaths = (
			);
			runOnlyForDeploymentPostprocessing = 0;
			shellPath = /bin/sh;
			shellScript = "export NODE_BINARY=node\n../node_modules/react-native/scripts/react-native-xcode.sh";
		};
		111E3BE763215AFE20819AA7 /* [CP] Copy Pods Resources */ = {
			isa = PBXShellScriptBuildPhase;
			buildActionMask = 2147483647;
			files = (
			);
			inputPaths = (
				"${PODS_ROOT}/Target Support Files/Pods-TestProject/Pods-TestProject-resources.sh",
				"${PODS_ROOT}/GoogleMaps/Maps/Frameworks/GoogleMaps.framework/Resources/GoogleMaps.bundle",
				"${PODS_ROOT}/../../node_modules/react-native-vector-icons/Fonts/AntDesign.ttf",
				"${PODS_ROOT}/../../node_modules/react-native-vector-icons/Fonts/Entypo.ttf",
				"${PODS_ROOT}/../../node_modules/react-native-vector-icons/Fonts/EvilIcons.ttf",
				"${PODS_ROOT}/../../node_modules/react-native-vector-icons/Fonts/Feather.ttf",
				"${PODS_ROOT}/../../node_modules/react-native-vector-icons/Fonts/FontAwesome.ttf",
				"${PODS_ROOT}/../../node_modules/react-native-vector-icons/Fonts/FontAwesome5_Brands.ttf",
				"${PODS_ROOT}/../../node_modules/react-native-vector-icons/Fonts/FontAwesome5_Regular.ttf",
				"${PODS_ROOT}/../../node_modules/react-native-vector-icons/Fonts/FontAwesome5_Solid.ttf",
				"${PODS_ROOT}/../../node_modules/react-native-vector-icons/Fonts/Fontisto.ttf",
				"${PODS_ROOT}/../../node_modules/react-native-vector-icons/Fonts/Foundation.ttf",
				"${PODS_ROOT}/../../node_modules/react-native-vector-icons/Fonts/Ionicons.ttf",
				"${PODS_ROOT}/../../node_modules/react-native-vector-icons/Fonts/MaterialCommunityIcons.ttf",
				"${PODS_ROOT}/../../node_modules/react-native-vector-icons/Fonts/MaterialIcons.ttf",
				"${PODS_ROOT}/../../node_modules/react-native-vector-icons/Fonts/Octicons.ttf",
				"${PODS_ROOT}/../../node_modules/react-native-vector-icons/Fonts/SimpleLineIcons.ttf",
				"${PODS_ROOT}/../../node_modules/react-native-vector-icons/Fonts/Zocial.ttf",
			);
			name = "[CP] Copy Pods Resources";
			outputPaths = (
				"${TARGET_BUILD_DIR}/${UNLOCALIZED_RESOURCES_FOLDER_PATH}/GoogleMaps.bundle",
				"${TARGET_BUILD_DIR}/${UNLOCALIZED_RESOURCES_FOLDER_PATH}/AntDesign.ttf",
				"${TARGET_BUILD_DIR}/${UNLOCALIZED_RESOURCES_FOLDER_PATH}/Entypo.ttf",
				"${TARGET_BUILD_DIR}/${UNLOCALIZED_RESOURCES_FOLDER_PATH}/EvilIcons.ttf",
				"${TARGET_BUILD_DIR}/${UNLOCALIZED_RESOURCES_FOLDER_PATH}/Feather.ttf",
				"${TARGET_BUILD_DIR}/${UNLOCALIZED_RESOURCES_FOLDER_PATH}/FontAwesome.ttf",
				"${TARGET_BUILD_DIR}/${UNLOCALIZED_RESOURCES_FOLDER_PATH}/FontAwesome5_Brands.ttf",
				"${TARGET_BUILD_DIR}/${UNLOCALIZED_RESOURCES_FOLDER_PATH}/FontAwesome5_Regular.ttf",
				"${TARGET_BUILD_DIR}/${UNLOCALIZED_RESOURCES_FOLDER_PATH}/FontAwesome5_Solid.ttf",
				"${TARGET_BUILD_DIR}/${UNLOCALIZED_RESOURCES_FOLDER_PATH}/Fontisto.ttf",
				"${TARGET_BUILD_DIR}/${UNLOCALIZED_RESOURCES_FOLDER_PATH}/Foundation.ttf",
				"${TARGET_BUILD_DIR}/${UNLOCALIZED_RESOURCES_FOLDER_PATH}/Ionicons.ttf",
				"${TARGET_BUILD_DIR}/${UNLOCALIZED_RESOURCES_FOLDER_PATH}/MaterialCommunityIcons.ttf",
				"${TARGET_BUILD_DIR}/${UNLOCALIZED_RESOURCES_FOLDER_PATH}/MaterialIcons.ttf",
				"${TARGET_BUILD_DIR}/${UNLOCALIZED_RESOURCES_FOLDER_PATH}/Octicons.ttf",
				"${TARGET_BUILD_DIR}/${UNLOCALIZED_RESOURCES_FOLDER_PATH}/SimpleLineIcons.ttf",
				"${TARGET_BUILD_DIR}/${UNLOCALIZED_RESOURCES_FOLDER_PATH}/Zocial.ttf",
			);
			runOnlyForDeploymentPostprocessing = 0;
			shellPath = /bin/sh;
			shellScript = "\"${PODS_ROOT}/Target Support Files/Pods-TestProject/Pods-TestProject-resources.sh\"\n";
			showEnvVarsInLog = 0;
		};
		11F0385C1554C3D4775A1D98 /* [CP] Check Pods Manifest.lock */ = {
			isa = PBXShellScriptBuildPhase;
			buildActionMask = 2147483647;
			files = (
			);
			inputFileListPaths = (
			);
			inputPaths = (
				"${PODS_PODFILE_DIR_PATH}/Podfile.lock",
				"${PODS_ROOT}/Manifest.lock",
			);
			name = "[CP] Check Pods Manifest.lock";
			outputFileListPaths = (
			);
			outputPaths = (
				"$(DERIVED_FILE_DIR)/Pods-TestProject-tvOSTests-checkManifestLockResult.txt",
			);
			runOnlyForDeploymentPostprocessing = 0;
			shellPath = /bin/sh;
			shellScript = "diff \"${PODS_PODFILE_DIR_PATH}/Podfile.lock\" \"${PODS_ROOT}/Manifest.lock\" > /dev/null\nif [ $? != 0 ] ; then\n    # print error to STDERR\n    echo \"error: The sandbox is not in sync with the Podfile.lock. Run 'pod install' or update your CocoaPods installation.\" >&2\n    exit 1\nfi\n# This output is used by Xcode 'outputs' to avoid re-running this script phase.\necho \"SUCCESS\" > \"${SCRIPT_OUTPUT_FILE_0}\"\n";
			showEnvVarsInLog = 0;
		};
		2D02E4CB1E0B4B27006451C7 /* Bundle React Native Code And Images */ = {
			isa = PBXShellScriptBuildPhase;
			buildActionMask = 2147483647;
			files = (
			);
			inputPaths = (
			);
			name = "Bundle React Native Code And Images";
			outputPaths = (
			);
			runOnlyForDeploymentPostprocessing = 0;
			shellPath = /bin/sh;
			shellScript = "export NODE_BINARY=node\n../node_modules/react-native/scripts/react-native-xcode.sh";
		};
		82D436015174A8262F8EC3EA /* [CP] Check Pods Manifest.lock */ = {
			isa = PBXShellScriptBuildPhase;
			buildActionMask = 2147483647;
			files = (
			);
			inputFileListPaths = (
			);
			inputPaths = (
				"${PODS_PODFILE_DIR_PATH}/Podfile.lock",
				"${PODS_ROOT}/Manifest.lock",
			);
			name = "[CP] Check Pods Manifest.lock";
			outputFileListPaths = (
			);
			outputPaths = (
				"$(DERIVED_FILE_DIR)/Pods-TestProjectTests-checkManifestLockResult.txt",
			);
			runOnlyForDeploymentPostprocessing = 0;
			shellPath = /bin/sh;
			shellScript = "diff \"${PODS_PODFILE_DIR_PATH}/Podfile.lock\" \"${PODS_ROOT}/Manifest.lock\" > /dev/null\nif [ $? != 0 ] ; then\n    # print error to STDERR\n    echo \"error: The sandbox is not in sync with the Podfile.lock. Run 'pod install' or update your CocoaPods installation.\" >&2\n    exit 1\nfi\n# This output is used by Xcode 'outputs' to avoid re-running this script phase.\necho \"SUCCESS\" > \"${SCRIPT_OUTPUT_FILE_0}\"\n";
			showEnvVarsInLog = 0;
		};
		8FF7BDD5BA78DB4C01595989 /* [CP] Check Pods Manifest.lock */ = {
			isa = PBXShellScriptBuildPhase;
			buildActionMask = 2147483647;
			files = (
			);
			inputFileListPaths = (
			);
			inputPaths = (
				"${PODS_PODFILE_DIR_PATH}/Podfile.lock",
				"${PODS_ROOT}/Manifest.lock",
			);
			name = "[CP] Check Pods Manifest.lock";
			outputFileListPaths = (
			);
			outputPaths = (
				"$(DERIVED_FILE_DIR)/Pods-TestProject-checkManifestLockResult.txt",
			);
			runOnlyForDeploymentPostprocessing = 0;
			shellPath = /bin/sh;
			shellScript = "diff \"${PODS_PODFILE_DIR_PATH}/Podfile.lock\" \"${PODS_ROOT}/Manifest.lock\" > /dev/null\nif [ $? != 0 ] ; then\n    # print error to STDERR\n    echo \"error: The sandbox is not in sync with the Podfile.lock. Run 'pod install' or update your CocoaPods installation.\" >&2\n    exit 1\nfi\n# This output is used by Xcode 'outputs' to avoid re-running this script phase.\necho \"SUCCESS\" > \"${SCRIPT_OUTPUT_FILE_0}\"\n";
			showEnvVarsInLog = 0;
		};
		A946B4E9871E6554A5B903EC /* [CP] Check Pods Manifest.lock */ = {
			isa = PBXShellScriptBuildPhase;
			buildActionMask = 2147483647;
			files = (
			);
			inputFileListPaths = (
			);
			inputPaths = (
				"${PODS_PODFILE_DIR_PATH}/Podfile.lock",
				"${PODS_ROOT}/Manifest.lock",
			);
			name = "[CP] Check Pods Manifest.lock";
			outputFileListPaths = (
			);
			outputPaths = (
				"$(DERIVED_FILE_DIR)/Pods-TestProject-tvOS-checkManifestLockResult.txt",
			);
			runOnlyForDeploymentPostprocessing = 0;
			shellPath = /bin/sh;
			shellScript = "diff \"${PODS_PODFILE_DIR_PATH}/Podfile.lock\" \"${PODS_ROOT}/Manifest.lock\" > /dev/null\nif [ $? != 0 ] ; then\n    # print error to STDERR\n    echo \"error: The sandbox is not in sync with the Podfile.lock. Run 'pod install' or update your CocoaPods installation.\" >&2\n    exit 1\nfi\n# This output is used by Xcode 'outputs' to avoid re-running this script phase.\necho \"SUCCESS\" > \"${SCRIPT_OUTPUT_FILE_0}\"\n";
			showEnvVarsInLog = 0;
		};
		FD10A7F022414F080027D42C /* Start Packager */ = {
			isa = PBXShellScriptBuildPhase;
			buildActionMask = 2147483647;
			files = (
			);
			inputFileListPaths = (
			);
			inputPaths = (
			);
			name = "Start Packager";
			outputFileListPaths = (
			);
			outputPaths = (
			);
			runOnlyForDeploymentPostprocessing = 0;
			shellPath = /bin/sh;
			shellScript = "export RCT_METRO_PORT=\"${RCT_METRO_PORT:=8081}\"\necho \"export RCT_METRO_PORT=${RCT_METRO_PORT}\" > \"${SRCROOT}/../node_modules/react-native/scripts/.packager.env\"\nif [ -z \"${RCT_NO_LAUNCH_PACKAGER+xxx}\" ] ; then\n  if nc -w 5 -z localhost ${RCT_METRO_PORT} ; then\n    if ! curl -s \"http://localhost:${RCT_METRO_PORT}/status\" | grep -q \"packager-status:running\" ; then\n      echo \"Port ${RCT_METRO_PORT} already in use, packager is either not running or not running correctly\"\n      exit 2\n    fi\n  else\n    open \"$SRCROOT/../node_modules/react-native/scripts/launchPackager.command\" || echo \"Can't start packager automatically\"\n  fi\nfi\n";
			showEnvVarsInLog = 0;
		};
		FD10A7F122414F3F0027D42C /* Start Packager */ = {
			isa = PBXShellScriptBuildPhase;
			buildActionMask = 2147483647;
			files = (
			);
			inputFileListPaths = (
			);
			inputPaths = (
			);
			name = "Start Packager";
			outputFileListPaths = (
			);
			outputPaths = (
			);
			runOnlyForDeploymentPostprocessing = 0;
			shellPath = /bin/sh;
			shellScript = "export RCT_METRO_PORT=\"${RCT_METRO_PORT:=8081}\"\necho \"export RCT_METRO_PORT=${RCT_METRO_PORT}\" > \"${SRCROOT}/../node_modules/react-native/scripts/.packager.env\"\nif [ -z \"${RCT_NO_LAUNCH_PACKAGER+xxx}\" ] ; then\n  if nc -w 5 -z localhost ${RCT_METRO_PORT} ; then\n    if ! curl -s \"http://localhost:${RCT_METRO_PORT}/status\" | grep -q \"packager-status:running\" ; then\n      echo \"Port ${RCT_METRO_PORT} already in use, packager is either not running or not running correctly\"\n      exit 2\n    fi\n  else\n    open \"$SRCROOT/../node_modules/react-native/scripts/launchPackager.command\" || echo \"Can't start packager automatically\"\n  fi\nfi\n";
			showEnvVarsInLog = 0;
		};
/* End PBXShellScriptBuildPhase section */

/* Begin PBXSourcesBuildPhase section */
		00E356EA1AD99517003FC87E /* Sources */ = {
			isa = PBXSourcesBuildPhase;
			buildActionMask = 2147483647;
			files = (
				00E356F31AD99517003FC87E /* TestProjectTests.m in Sources */,
			);
			runOnlyForDeploymentPostprocessing = 0;
		};
		13B07F871A680F5B00A75B9A /* Sources */ = {
			isa = PBXSourcesBuildPhase;
			buildActionMask = 2147483647;
			files = (
				48ECD69A23A0ED0E003FE718 /* AIRGoogleMapManager.m in Sources */,
				48ECD69123A0ED0E003FE718 /* AIRGoogleMapCircleManager.m in Sources */,
				48ECD67023A0ED0E003FE718 /* AIRMapOverlayManager.m in Sources */,
				48ECD68D23A0ED0E003FE718 /* AIRGMSPolygon.m in Sources */,
				48ECD6A223A0ED0E003FE718 /* AIRGMSMarker.m in Sources */,
				48ECD69223A0ED0E003FE718 /* AIRGoogleMapCalloutManager.m in Sources */,
				48ECD67823A0ED0E003FE718 /* AIRMapLocalTileManager.m in Sources */,
				48ECD67E23A0ED0E003FE718 /* AIRMapPolygon.m in Sources */,
				48ECD6A123A0ED0E003FE718 /* AIRGoogleMapPolygon.m in Sources */,
				48ECD67423A0ED0E003FE718 /* SMCalloutView.m in Sources */,
				48ECD66F23A0ED0E003FE718 /* AIRMapPolylineRenderer.m in Sources */,
				48ECD68F23A0ED0E003FE718 /* AIRGoogleMapWMSTileManager.m in Sources */,
				48ECD67923A0ED0E003FE718 /* AIRMapPolyline.m in Sources */,
				48ECD68B23A0ED0E003FE718 /* AIRGoogleMapPolygonManager.m in Sources */,
				48ECD69923A0ED0E003FE718 /* AIRGoogleMapPolylineManager.m in Sources */,
				48ECD69C23A0ED0E003FE718 /* AIRGoogleMapCalloutSubviewManager.m in Sources */,
				48ECD67223A0ED0E003FE718 /* AIRMapCalloutSubview.m in Sources */,
				48ECD69423A0ED0E003FE718 /* AIRGoogleMapPolyline.m in Sources */,
				48ECD68C23A0ED0E003FE718 /* AIRGoogleMapMarker.m in Sources */,
				48ECD67F23A0ED0E003FE718 /* AIRMap.m in Sources */,
				48ECD68523A0ED0E003FE718 /* AIRMapManager.m in Sources */,
				48ECD67623A0ED0E003FE718 /* AIRWeakTimerReference.m in Sources */,
				48ECD67D23A0ED0E003FE718 /* AIRMapPolygonManager.m in Sources */,
				48ECD6A323A0ED0E003FE718 /* AIRGoogleMapCalloutSubview.m in Sources */,
				48ECD67A23A0ED0E003FE718 /* AIRWeakMapReference.m in Sources */,
				48ECD69023A0ED0E003FE718 /* AIRGoogleMapCircle.m in Sources */,
				48ECD67723A0ED0E003FE718 /* AIRMapCallout.m in Sources */,
				48ECD67323A0ED0E003FE718 /* AIRMapPolylineManager.m in Sources */,
				48ECD68023A0ED0E003FE718 /* AIRMapCircle.m in Sources */,
				48ECD69F23A0ED0E003FE718 /* AIRGoogleMapHeatmap.m in Sources */,
				48ECD68923A0ED0E003FE718 /* AIRDummyView.m in Sources */,
				48ECD68A23A0ED0E003FE718 /* AIRGoogleMapUrlTile.m in Sources */,
				13B07FBC1A68108700A75B9A /* AppDelegate.m in Sources */,
				48ECD69B23A0ED0E003FE718 /* RCTConvert+GMSMapViewType.m in Sources */,
				48ECD69823A0ED0E003FE718 /* AIRGMSPolyline.m in Sources */,
				48ECD6A023A0ED0E003FE718 /* AIRGoogleMap.m in Sources */,
				48ECD67B23A0ED0E003FE718 /* AIRMapCircleManager.m in Sources */,
				48ECD69723A0ED0E003FE718 /* AIRGoogleMapOverlay.m in Sources */,
				48ECD69E23A0ED0E003FE718 /* AIRGoogleMapOverlayManager.m in Sources */,
				48ECD68323A0ED0E003FE718 /* AIRMapUrlTileManager.m in Sources */,
				48ECD67123A0ED0E003FE718 /* AIRMapCoordinate.m in Sources */,
				48ECD67C23A0ED0E003FE718 /* AIRMapMarker.m in Sources */,
				48ECD68223A0ED0E003FE718 /* AIRMapCalloutSubviewManager.m in Sources */,
				48ECD68123A0ED0E003FE718 /* AIRMapWMSTile.m in Sources */,
				13B07FC11A68108700A75B9A /* main.m in Sources */,
				48ECD66B23A0ED0E003FE718 /* AIRMapCalloutManager.m in Sources */,
				48ECD69623A0ED0E003FE718 /* AIRGoogleMapWMSTile.m in Sources */,
				48ECD68423A0ED0E003FE718 /* AIRMapWMSTileManager.m in Sources */,
				48ECD66C23A0ED0E003FE718 /* AIRMapLocalTile.m in Sources */,
				48ECD66D23A0ED0E003FE718 /* AIRMapMarkerManager.m in Sources */,
				48ECD67523A0ED0E003FE718 /* AIRMapLocalTileOverlay.m in Sources */,
				48ECD68723A0ED0E003FE718 /* AIRMapOverlayRenderer.m in Sources */,
				48ECD68823A0ED0E003FE718 /* RCTConvert+AirMap.m in Sources */,
				48ECD69323A0ED0E003FE718 /* AIRGoogleMapMarkerManager.m in Sources */,
				48ECD69D23A0ED0E003FE718 /* AIRGoogleMapCallout.m in Sources */,
				48ECD68623A0ED0E003FE718 /* AIRMapOverlay.m in Sources */,
				48ECD68E23A0ED0E003FE718 /* AIRGoogleMapURLTileManager.m in Sources */,
				48ECD66E23A0ED0E003FE718 /* AIRMapUrlTile.m in Sources */,
				48ECD69523A0ED0E003FE718 /* AIRGoogleMapHeatmapManager.m in Sources */,
			);
			runOnlyForDeploymentPostprocessing = 0;
		};
		2D02E4771E0B4A5D006451C7 /* Sources */ = {
			isa = PBXSourcesBuildPhase;
			buildActionMask = 2147483647;
			files = (
				2D02E4BF1E0B4AB3006451C7 /* main.m in Sources */,
				2D02E4BC1E0B4A80006451C7 /* AppDelegate.m in Sources */,
			);
			runOnlyForDeploymentPostprocessing = 0;
		};
		2D02E48C1E0B4A5D006451C7 /* Sources */ = {
			isa = PBXSourcesBuildPhase;
			buildActionMask = 2147483647;
			files = (
				2DCD954D1E0B4F2C00145EB5 /* TestProjectTests.m in Sources */,
			);
			runOnlyForDeploymentPostprocessing = 0;
		};
/* End PBXSourcesBuildPhase section */

/* Begin PBXTargetDependency section */
		00E356F51AD99517003FC87E /* PBXTargetDependency */ = {
			isa = PBXTargetDependency;
			target = 13B07F861A680F5B00A75B9A /* TestProject */;
			targetProxy = 00E356F41AD99517003FC87E /* PBXContainerItemProxy */;
		};
		2D02E4921E0B4A5D006451C7 /* PBXTargetDependency */ = {
			isa = PBXTargetDependency;
			target = 2D02E47A1E0B4A5D006451C7 /* TestProject-tvOS */;
			targetProxy = 2D02E4911E0B4A5D006451C7 /* PBXContainerItemProxy */;
		};
/* End PBXTargetDependency section */

/* Begin PBXVariantGroup section */
		13B07FB11A68108700A75B9A /* LaunchScreen.xib */ = {
			isa = PBXVariantGroup;
			children = (
				13B07FB21A68108700A75B9A /* Base */,
			);
			name = LaunchScreen.xib;
			path = TestProject;
			sourceTree = "<group>";
		};
/* End PBXVariantGroup section */

/* Begin XCBuildConfiguration section */
		00E356F61AD99517003FC87E /* Debug */ = {
			isa = XCBuildConfiguration;
			baseConfigurationReference = B122D30E265FE19F3D5AEE2D /* Pods-TestProjectTests.debug.xcconfig */;
			buildSettings = {
				BUNDLE_LOADER = "$(TEST_HOST)";
				GCC_PREPROCESSOR_DEFINITIONS = (
					"DEBUG=1",
					"$(inherited)",
				);
				INFOPLIST_FILE = TestProjectTests/Info.plist;
				IPHONEOS_DEPLOYMENT_TARGET = 9.0;
				LD_RUNPATH_SEARCH_PATHS = "$(inherited) @executable_path/Frameworks @loader_path/Frameworks";
				OTHER_LDFLAGS = (
					"-ObjC",
					"-lc++",
					"$(inherited)",
				);
				PRODUCT_BUNDLE_IDENTIFIER = "org.reactjs.native.example.$(PRODUCT_NAME:rfc1034identifier)";
				PRODUCT_NAME = "$(TARGET_NAME)";
				TEST_HOST = "$(BUILT_PRODUCTS_DIR)/TestProject.app/TestProject";
			};
			name = Debug;
		};
		00E356F71AD99517003FC87E /* Release */ = {
			isa = XCBuildConfiguration;
			baseConfigurationReference = 7841100BE2F58FEB30410B64 /* Pods-TestProjectTests.release.xcconfig */;
			buildSettings = {
				BUNDLE_LOADER = "$(TEST_HOST)";
				COPY_PHASE_STRIP = NO;
				INFOPLIST_FILE = TestProjectTests/Info.plist;
				IPHONEOS_DEPLOYMENT_TARGET = 9.0;
				LD_RUNPATH_SEARCH_PATHS = "$(inherited) @executable_path/Frameworks @loader_path/Frameworks";
				OTHER_LDFLAGS = (
					"-ObjC",
					"-lc++",
					"$(inherited)",
				);
				PRODUCT_BUNDLE_IDENTIFIER = "org.reactjs.native.example.$(PRODUCT_NAME:rfc1034identifier)";
				PRODUCT_NAME = "$(TARGET_NAME)";
				TEST_HOST = "$(BUILT_PRODUCTS_DIR)/TestProject.app/TestProject";
			};
			name = Release;
		};
		13B07F941A680F5B00A75B9A /* Debug */ = {
			isa = XCBuildConfiguration;
			baseConfigurationReference = 040C2F8D521042EA17A37CAA /* Pods-TestProject.debug.xcconfig */;
			buildSettings = {
				ASSETCATALOG_COMPILER_APPICON_NAME = AppIcon;
				CURRENT_PROJECT_VERSION = 1;
				DEAD_CODE_STRIPPING = NO;
				INFOPLIST_FILE = TestProject/Info.plist;
				LD_RUNPATH_SEARCH_PATHS = "$(inherited) @executable_path/Frameworks";
				OTHER_LDFLAGS = (
					"$(inherited)",
					"-ObjC",
					"-lc++",
				);
				PRODUCT_BUNDLE_IDENTIFIER = "org.reactjs.native.example.$(PRODUCT_NAME:rfc1034identifier)";
				PRODUCT_NAME = TestProject;
				VERSIONING_SYSTEM = "apple-generic";
			};
			name = Debug;
		};
		13B07F951A680F5B00A75B9A /* Release */ = {
			isa = XCBuildConfiguration;
			baseConfigurationReference = 4A0D0605626AAE977762ABED /* Pods-TestProject.release.xcconfig */;
			buildSettings = {
				ASSETCATALOG_COMPILER_APPICON_NAME = AppIcon;
				CURRENT_PROJECT_VERSION = 1;
				INFOPLIST_FILE = TestProject/Info.plist;
				LD_RUNPATH_SEARCH_PATHS = "$(inherited) @executable_path/Frameworks";
				OTHER_LDFLAGS = (
					"$(inherited)",
					"-ObjC",
					"-lc++",
				);
				PRODUCT_BUNDLE_IDENTIFIER = "org.reactjs.native.example.$(PRODUCT_NAME:rfc1034identifier)";
				PRODUCT_NAME = TestProject;
				VERSIONING_SYSTEM = "apple-generic";
			};
			name = Release;
		};
		2D02E4971E0B4A5E006451C7 /* Debug */ = {
			isa = XCBuildConfiguration;
			baseConfigurationReference = 7874BDC6D32DE6F560B6DE84 /* Pods-TestProject-tvOS.debug.xcconfig */;
			buildSettings = {
				ASSETCATALOG_COMPILER_APPICON_NAME = "App Icon & Top Shelf Image";
				ASSETCATALOG_COMPILER_LAUNCHIMAGE_NAME = LaunchImage;
				CLANG_ANALYZER_NONNULL = YES;
				CLANG_WARN_DOCUMENTATION_COMMENTS = YES;
				CLANG_WARN_INFINITE_RECURSION = YES;
				CLANG_WARN_SUSPICIOUS_MOVE = YES;
				DEBUG_INFORMATION_FORMAT = dwarf;
				ENABLE_TESTABILITY = YES;
				GCC_NO_COMMON_BLOCKS = YES;
				INFOPLIST_FILE = "TestProject-tvOS/Info.plist";
				LD_RUNPATH_SEARCH_PATHS = "$(inherited) @executable_path/Frameworks";
				OTHER_LDFLAGS = (
					"$(inherited)",
					"-ObjC",
					"-lc++",
				);
				PRODUCT_BUNDLE_IDENTIFIER = "com.facebook.REACT.TestProject-tvOS";
				PRODUCT_NAME = "$(TARGET_NAME)";
				SDKROOT = appletvos;
				TARGETED_DEVICE_FAMILY = 3;
				TVOS_DEPLOYMENT_TARGET = 9.2;
			};
			name = Debug;
		};
		2D02E4981E0B4A5E006451C7 /* Release */ = {
			isa = XCBuildConfiguration;
			baseConfigurationReference = D080AC9A5ED15CDB72C2E6FD /* Pods-TestProject-tvOS.release.xcconfig */;
			buildSettings = {
				ASSETCATALOG_COMPILER_APPICON_NAME = "App Icon & Top Shelf Image";
				ASSETCATALOG_COMPILER_LAUNCHIMAGE_NAME = LaunchImage;
				CLANG_ANALYZER_NONNULL = YES;
				CLANG_WARN_DOCUMENTATION_COMMENTS = YES;
				CLANG_WARN_INFINITE_RECURSION = YES;
				CLANG_WARN_SUSPICIOUS_MOVE = YES;
				COPY_PHASE_STRIP = NO;
				DEBUG_INFORMATION_FORMAT = "dwarf-with-dsym";
				GCC_NO_COMMON_BLOCKS = YES;
				INFOPLIST_FILE = "TestProject-tvOS/Info.plist";
				LD_RUNPATH_SEARCH_PATHS = "$(inherited) @executable_path/Frameworks";
				OTHER_LDFLAGS = (
					"$(inherited)",
					"-ObjC",
					"-lc++",
				);
				PRODUCT_BUNDLE_IDENTIFIER = "com.facebook.REACT.TestProject-tvOS";
				PRODUCT_NAME = "$(TARGET_NAME)";
				SDKROOT = appletvos;
				TARGETED_DEVICE_FAMILY = 3;
				TVOS_DEPLOYMENT_TARGET = 9.2;
			};
			name = Release;
		};
		2D02E4991E0B4A5E006451C7 /* Debug */ = {
			isa = XCBuildConfiguration;
			baseConfigurationReference = 6C89506F17BBB7730C8EF7D7 /* Pods-TestProject-tvOSTests.debug.xcconfig */;
			buildSettings = {
				BUNDLE_LOADER = "$(TEST_HOST)";
				CLANG_ANALYZER_NONNULL = YES;
				CLANG_WARN_DOCUMENTATION_COMMENTS = YES;
				CLANG_WARN_INFINITE_RECURSION = YES;
				CLANG_WARN_SUSPICIOUS_MOVE = YES;
				DEBUG_INFORMATION_FORMAT = dwarf;
				ENABLE_TESTABILITY = YES;
				GCC_NO_COMMON_BLOCKS = YES;
				INFOPLIST_FILE = "TestProject-tvOSTests/Info.plist";
				LD_RUNPATH_SEARCH_PATHS = "$(inherited) @executable_path/Frameworks @loader_path/Frameworks";
				OTHER_LDFLAGS = (
					"$(inherited)",
					"-ObjC",
					"-lc++",
				);
				PRODUCT_BUNDLE_IDENTIFIER = "com.facebook.REACT.TestProject-tvOSTests";
				PRODUCT_NAME = "$(TARGET_NAME)";
				SDKROOT = appletvos;
				TEST_HOST = "$(BUILT_PRODUCTS_DIR)/TestProject-tvOS.app/TestProject-tvOS";
				TVOS_DEPLOYMENT_TARGET = 10.1;
			};
			name = Debug;
		};
		2D02E49A1E0B4A5E006451C7 /* Release */ = {
			isa = XCBuildConfiguration;
			baseConfigurationReference = D7C4017E0E1072A07376D35E /* Pods-TestProject-tvOSTests.release.xcconfig */;
			buildSettings = {
				BUNDLE_LOADER = "$(TEST_HOST)";
				CLANG_ANALYZER_NONNULL = YES;
				CLANG_WARN_DOCUMENTATION_COMMENTS = YES;
				CLANG_WARN_INFINITE_RECURSION = YES;
				CLANG_WARN_SUSPICIOUS_MOVE = YES;
				COPY_PHASE_STRIP = NO;
				DEBUG_INFORMATION_FORMAT = "dwarf-with-dsym";
				GCC_NO_COMMON_BLOCKS = YES;
				INFOPLIST_FILE = "TestProject-tvOSTests/Info.plist";
				LD_RUNPATH_SEARCH_PATHS = "$(inherited) @executable_path/Frameworks @loader_path/Frameworks";
				OTHER_LDFLAGS = (
					"$(inherited)",
					"-ObjC",
					"-lc++",
				);
				PRODUCT_BUNDLE_IDENTIFIER = "com.facebook.REACT.TestProject-tvOSTests";
				PRODUCT_NAME = "$(TARGET_NAME)";
				SDKROOT = appletvos;
				TEST_HOST = "$(BUILT_PRODUCTS_DIR)/TestProject-tvOS.app/TestProject-tvOS";
				TVOS_DEPLOYMENT_TARGET = 10.1;
			};
			name = Release;
		};
		83CBBA201A601CBA00E9B192 /* Debug */ = {
			isa = XCBuildConfiguration;
			buildSettings = {
				ALWAYS_SEARCH_USER_PATHS = NO;
				CLANG_CXX_LANGUAGE_STANDARD = "gnu++0x";
				CLANG_CXX_LIBRARY = "libc++";
				CLANG_ENABLE_MODULES = YES;
				CLANG_ENABLE_OBJC_ARC = YES;
				CLANG_WARN_BLOCK_CAPTURE_AUTORELEASING = YES;
				CLANG_WARN_BOOL_CONVERSION = YES;
				CLANG_WARN_COMMA = YES;
				CLANG_WARN_CONSTANT_CONVERSION = YES;
				CLANG_WARN_DEPRECATED_OBJC_IMPLEMENTATIONS = YES;
				CLANG_WARN_DIRECT_OBJC_ISA_USAGE = YES_ERROR;
				CLANG_WARN_EMPTY_BODY = YES;
				CLANG_WARN_ENUM_CONVERSION = YES;
				CLANG_WARN_INFINITE_RECURSION = YES;
				CLANG_WARN_INT_CONVERSION = YES;
				CLANG_WARN_NON_LITERAL_NULL_CONVERSION = YES;
				CLANG_WARN_OBJC_IMPLICIT_RETAIN_SELF = YES;
				CLANG_WARN_OBJC_LITERAL_CONVERSION = YES;
				CLANG_WARN_OBJC_ROOT_CLASS = YES_ERROR;
				CLANG_WARN_RANGE_LOOP_ANALYSIS = YES;
				CLANG_WARN_STRICT_PROTOTYPES = YES;
				CLANG_WARN_SUSPICIOUS_MOVE = YES;
				CLANG_WARN_UNREACHABLE_CODE = YES;
				CLANG_WARN__DUPLICATE_METHOD_MATCH = YES;
				"CODE_SIGN_IDENTITY[sdk=iphoneos*]" = "iPhone Developer";
				COPY_PHASE_STRIP = NO;
				ENABLE_STRICT_OBJC_MSGSEND = YES;
				ENABLE_TESTABILITY = YES;
				GCC_C_LANGUAGE_STANDARD = gnu99;
				GCC_DYNAMIC_NO_PIC = NO;
				GCC_NO_COMMON_BLOCKS = YES;
				GCC_OPTIMIZATION_LEVEL = 0;
				GCC_PREPROCESSOR_DEFINITIONS = (
					"DEBUG=1",
					"$(inherited)",
				);
				GCC_SYMBOLS_PRIVATE_EXTERN = NO;
				GCC_WARN_64_TO_32_BIT_CONVERSION = YES;
				GCC_WARN_ABOUT_RETURN_TYPE = YES_ERROR;
				GCC_WARN_UNDECLARED_SELECTOR = YES;
				GCC_WARN_UNINITIALIZED_AUTOS = YES_AGGRESSIVE;
				GCC_WARN_UNUSED_FUNCTION = YES;
				GCC_WARN_UNUSED_VARIABLE = YES;
				IPHONEOS_DEPLOYMENT_TARGET = 9.0;
				MTL_ENABLE_DEBUG_INFO = YES;
				ONLY_ACTIVE_ARCH = YES;
				SDKROOT = iphoneos;
			};
			name = Debug;
		};
		83CBBA211A601CBA00E9B192 /* Release */ = {
			isa = XCBuildConfiguration;
			buildSettings = {
				ALWAYS_SEARCH_USER_PATHS = NO;
				CLANG_CXX_LANGUAGE_STANDARD = "gnu++0x";
				CLANG_CXX_LIBRARY = "libc++";
				CLANG_ENABLE_MODULES = YES;
				CLANG_ENABLE_OBJC_ARC = YES;
				CLANG_WARN_BLOCK_CAPTURE_AUTORELEASING = YES;
				CLANG_WARN_BOOL_CONVERSION = YES;
				CLANG_WARN_COMMA = YES;
				CLANG_WARN_CONSTANT_CONVERSION = YES;
				CLANG_WARN_DEPRECATED_OBJC_IMPLEMENTATIONS = YES;
				CLANG_WARN_DIRECT_OBJC_ISA_USAGE = YES_ERROR;
				CLANG_WARN_EMPTY_BODY = YES;
				CLANG_WARN_ENUM_CONVERSION = YES;
				CLANG_WARN_INFINITE_RECURSION = YES;
				CLANG_WARN_INT_CONVERSION = YES;
				CLANG_WARN_NON_LITERAL_NULL_CONVERSION = YES;
				CLANG_WARN_OBJC_IMPLICIT_RETAIN_SELF = YES;
				CLANG_WARN_OBJC_LITERAL_CONVERSION = YES;
				CLANG_WARN_OBJC_ROOT_CLASS = YES_ERROR;
				CLANG_WARN_RANGE_LOOP_ANALYSIS = YES;
				CLANG_WARN_STRICT_PROTOTYPES = YES;
				CLANG_WARN_SUSPICIOUS_MOVE = YES;
				CLANG_WARN_UNREACHABLE_CODE = YES;
				CLANG_WARN__DUPLICATE_METHOD_MATCH = YES;
				"CODE_SIGN_IDENTITY[sdk=iphoneos*]" = "iPhone Developer";
				COPY_PHASE_STRIP = YES;
				ENABLE_NS_ASSERTIONS = NO;
				ENABLE_STRICT_OBJC_MSGSEND = YES;
				GCC_C_LANGUAGE_STANDARD = gnu99;
				GCC_NO_COMMON_BLOCKS = YES;
				GCC_WARN_64_TO_32_BIT_CONVERSION = YES;
				GCC_WARN_ABOUT_RETURN_TYPE = YES_ERROR;
				GCC_WARN_UNDECLARED_SELECTOR = YES;
				GCC_WARN_UNINITIALIZED_AUTOS = YES_AGGRESSIVE;
				GCC_WARN_UNUSED_FUNCTION = YES;
				GCC_WARN_UNUSED_VARIABLE = YES;
				IPHONEOS_DEPLOYMENT_TARGET = 9.0;
				MTL_ENABLE_DEBUG_INFO = NO;
				SDKROOT = iphoneos;
				VALIDATE_PRODUCT = YES;
			};
			name = Release;
		};
/* End XCBuildConfiguration section */

/* Begin XCConfigurationList section */
		00E357021AD99517003FC87E /* Build configuration list for PBXNativeTarget "TestProjectTests" */ = {
			isa = XCConfigurationList;
			buildConfigurations = (
				00E356F61AD99517003FC87E /* Debug */,
				00E356F71AD99517003FC87E /* Release */,
			);
			defaultConfigurationIsVisible = 0;
			defaultConfigurationName = Release;
		};
		13B07F931A680F5B00A75B9A /* Build configuration list for PBXNativeTarget "TestProject" */ = {
			isa = XCConfigurationList;
			buildConfigurations = (
				13B07F941A680F5B00A75B9A /* Debug */,
				13B07F951A680F5B00A75B9A /* Release */,
			);
			defaultConfigurationIsVisible = 0;
			defaultConfigurationName = Release;
		};
		2D02E4BA1E0B4A5E006451C7 /* Build configuration list for PBXNativeTarget "TestProject-tvOS" */ = {
			isa = XCConfigurationList;
			buildConfigurations = (
				2D02E4971E0B4A5E006451C7 /* Debug */,
				2D02E4981E0B4A5E006451C7 /* Release */,
			);
			defaultConfigurationIsVisible = 0;
			defaultConfigurationName = Release;
		};
		2D02E4BB1E0B4A5E006451C7 /* Build configuration list for PBXNativeTarget "TestProject-tvOSTests" */ = {
			isa = XCConfigurationList;
			buildConfigurations = (
				2D02E4991E0B4A5E006451C7 /* Debug */,
				2D02E49A1E0B4A5E006451C7 /* Release */,
			);
			defaultConfigurationIsVisible = 0;
			defaultConfigurationName = Release;
		};
		83CBB9FA1A601CBA00E9B192 /* Build configuration list for PBXProject "TestProject" */ = {
			isa = XCConfigurationList;
			buildConfigurations = (
				83CBBA201A601CBA00E9B192 /* Debug */,
				83CBBA211A601CBA00E9B192 /* Release */,
			);
			defaultConfigurationIsVisible = 0;
			defaultConfigurationName = Release;
		};
/* End XCConfigurationList section */
	};
	rootObject = 83CBB9F71A601CBA00E9B192 /* Project object */;
}
